// !$*UTF8*$!
{
	archiveVersion = 1;
	classes = {
	};
	objectVersion = 70;
	objects = {

/* Begin PBXBuildFile section */
		02BF6D392C7E432500A5A1B1 /* RealityKitContent in Frameworks */ = {isa = PBXBuildFile; productRef = 02BF6D382C7E432500A5A1B1 /* RealityKitContent */; };
		02BF6F112C7E51E300A5A1B1 /* click copy 16.wav in Resources */ = {isa = PBXBuildFile; fileRef = 02BF6EED2C7E51E300A5A1B1 /* click copy 16.wav */; };
		02BF6F122C7E51E300A5A1B1 /* click copy 8.wav in Resources */ = {isa = PBXBuildFile; fileRef = 02BF6EE52C7E51E300A5A1B1 /* click copy 8.wav */; };
		02BF6F132C7E51E300A5A1B1 /* click copy 28.wav in Resources */ = {isa = PBXBuildFile; fileRef = 02BF6EF92C7E51E300A5A1B1 /* click copy 28.wav */; };
		02BF6F142C7E51E300A5A1B1 /* click copy 34.wav in Resources */ = {isa = PBXBuildFile; fileRef = 02BF6EFF2C7E51E300A5A1B1 /* click copy 34.wav */; };
		02BF6F152C7E51E300A5A1B1 /* click copy 5.wav in Resources */ = {isa = PBXBuildFile; fileRef = 02BF6EE22C7E51E300A5A1B1 /* click copy 5.wav */; };
		02BF6F162C7E51E300A5A1B1 /* click copy 12.wav in Resources */ = {isa = PBXBuildFile; fileRef = 02BF6EE92C7E51E300A5A1B1 /* click copy 12.wav */; };
		02BF6F172C7E51E300A5A1B1 /* click copy 2.wav in Resources */ = {isa = PBXBuildFile; fileRef = 02BF6EDF2C7E51E300A5A1B1 /* click copy 2.wav */; };
		02BF6F182C7E51E300A5A1B1 /* click copy 20.wav in Resources */ = {isa = PBXBuildFile; fileRef = 02BF6EF12C7E51E300A5A1B1 /* click copy 20.wav */; };
		02BF6F192C7E51E300A5A1B1 /* click copy 39.wav in Resources */ = {isa = PBXBuildFile; fileRef = 02BF6F042C7E51E300A5A1B1 /* click copy 39.wav */; };
		02BF6F1A2C7E51E300A5A1B1 /* click copy 47.wav in Resources */ = {isa = PBXBuildFile; fileRef = 02BF6F0C2C7E51E300A5A1B1 /* click copy 47.wav */; };
		02BF6F1B2C7E51E300A5A1B1 /* click copy 9.wav in Resources */ = {isa = PBXBuildFile; fileRef = 02BF6EE62C7E51E300A5A1B1 /* click copy 9.wav */; };
		02BF6F1C2C7E51E300A5A1B1 /* click copy 42.wav in Resources */ = {isa = PBXBuildFile; fileRef = 02BF6F072C7E51E300A5A1B1 /* click copy 42.wav */; };
		02BF6F1D2C7E51E300A5A1B1 /* click copy 21.wav in Resources */ = {isa = PBXBuildFile; fileRef = 02BF6EF22C7E51E300A5A1B1 /* click copy 21.wav */; };
		02BF6F1E2C7E51E300A5A1B1 /* click copy 26.wav in Resources */ = {isa = PBXBuildFile; fileRef = 02BF6EF72C7E51E300A5A1B1 /* click copy 26.wav */; };
		02BF6F1F2C7E51E300A5A1B1 /* click copy 3.wav in Resources */ = {isa = PBXBuildFile; fileRef = 02BF6EE02C7E51E300A5A1B1 /* click copy 3.wav */; };
		02BF6F202C7E51E300A5A1B1 /* click copy 33.wav in Resources */ = {isa = PBXBuildFile; fileRef = 02BF6EFE2C7E51E300A5A1B1 /* click copy 33.wav */; };
		02BF6F212C7E51E300A5A1B1 /* click copy 0.wav in Resources */ = {isa = PBXBuildFile; fileRef = 02BF6EDD2C7E51E300A5A1B1 /* click copy 0.wav */; };
		02BF6F222C7E51E300A5A1B1 /* click copy 50.wav in Resources */ = {isa = PBXBuildFile; fileRef = 02BF6F0F2C7E51E300A5A1B1 /* click copy 50.wav */; };
		02BF6F232C7E51E300A5A1B1 /* click copy 29.wav in Resources */ = {isa = PBXBuildFile; fileRef = 02BF6EFA2C7E51E300A5A1B1 /* click copy 29.wav */; };
		02BF6F242C7E51E300A5A1B1 /* click copy 30.wav in Resources */ = {isa = PBXBuildFile; fileRef = 02BF6EFB2C7E51E300A5A1B1 /* click copy 30.wav */; };
		02BF6F252C7E51E300A5A1B1 /* click copy 49.wav in Resources */ = {isa = PBXBuildFile; fileRef = 02BF6F0E2C7E51E300A5A1B1 /* click copy 49.wav */; };
		02BF6F262C7E51E300A5A1B1 /* click copy 35.wav in Resources */ = {isa = PBXBuildFile; fileRef = 02BF6F002C7E51E300A5A1B1 /* click copy 35.wav */; };
		02BF6F272C7E51E300A5A1B1 /* click copy 24.wav in Resources */ = {isa = PBXBuildFile; fileRef = 02BF6EF52C7E51E300A5A1B1 /* click copy 24.wav */; };
		02BF6F282C7E51E300A5A1B1 /* click copy 6.wav in Resources */ = {isa = PBXBuildFile; fileRef = 02BF6EE32C7E51E300A5A1B1 /* click copy 6.wav */; };
		02BF6F292C7E51E300A5A1B1 /* click copy 44.wav in Resources */ = {isa = PBXBuildFile; fileRef = 02BF6F092C7E51E300A5A1B1 /* click copy 44.wav */; };
		02BF6F2A2C7E51E300A5A1B1 /* click copy 11.wav in Resources */ = {isa = PBXBuildFile; fileRef = 02BF6EE82C7E51E300A5A1B1 /* click copy 11.wav */; };
		02BF6F2B2C7E51E300A5A1B1 /* click copy 22.wav in Resources */ = {isa = PBXBuildFile; fileRef = 02BF6EF32C7E51E300A5A1B1 /* click copy 22.wav */; };
		02BF6F2C2C7E51E300A5A1B1 /* click copy 19.wav in Resources */ = {isa = PBXBuildFile; fileRef = 02BF6EF02C7E51E300A5A1B1 /* click copy 19.wav */; };
		02BF6F2D2C7E51E300A5A1B1 /* click copy 4.wav in Resources */ = {isa = PBXBuildFile; fileRef = 02BF6EE12C7E51E300A5A1B1 /* click copy 4.wav */; };
		02BF6F2E2C7E51E300A5A1B1 /* click copy 27.wav in Resources */ = {isa = PBXBuildFile; fileRef = 02BF6EF82C7E51E300A5A1B1 /* click copy 27.wav */; };
		02BF6F2F2C7E51E300A5A1B1 /* click copy 32.wav in Resources */ = {isa = PBXBuildFile; fileRef = 02BF6EFD2C7E51E300A5A1B1 /* click copy 32.wav */; };
		02BF6F302C7E51E300A5A1B1 /* click copy 1.wav in Resources */ = {isa = PBXBuildFile; fileRef = 02BF6EDE2C7E51E300A5A1B1 /* click copy 1.wav */; };
		02BF6F312C7E51E300A5A1B1 /* click copy 43.wav in Resources */ = {isa = PBXBuildFile; fileRef = 02BF6F082C7E51E300A5A1B1 /* click copy 43.wav */; };
		02BF6F322C7E51E300A5A1B1 /* click copy 46.wav in Resources */ = {isa = PBXBuildFile; fileRef = 02BF6F0B2C7E51E300A5A1B1 /* click copy 46.wav */; };
		02BF6F332C7E51E300A5A1B1 /* click copy 13.wav in Resources */ = {isa = PBXBuildFile; fileRef = 02BF6EEA2C7E51E300A5A1B1 /* click copy 13.wav */; };
		02BF6F342C7E51E300A5A1B1 /* click copy 7.wav in Resources */ = {isa = PBXBuildFile; fileRef = 02BF6EE42C7E51E300A5A1B1 /* click copy 7.wav */; };
		02BF6F352C7E51E300A5A1B1 /* click copy 36.wav in Resources */ = {isa = PBXBuildFile; fileRef = 02BF6F012C7E51E300A5A1B1 /* click copy 36.wav */; };
		02BF6F362C7E51E300A5A1B1 /* click copy 18.wav in Resources */ = {isa = PBXBuildFile; fileRef = 02BF6EEF2C7E51E300A5A1B1 /* click copy 18.wav */; };
		02BF6F372C7E51E300A5A1B1 /* click copy 10.wav in Resources */ = {isa = PBXBuildFile; fileRef = 02BF6EE72C7E51E300A5A1B1 /* click copy 10.wav */; };
		02BF6F382C7E51E300A5A1B1 /* click copy 23.wav in Resources */ = {isa = PBXBuildFile; fileRef = 02BF6EF42C7E51E300A5A1B1 /* click copy 23.wav */; };
		02BF6F392C7E51E300A5A1B1 /* click copy 37.wav in Resources */ = {isa = PBXBuildFile; fileRef = 02BF6F022C7E51E300A5A1B1 /* click copy 37.wav */; };
		02BF6F3A2C7E51E300A5A1B1 /* click copy 25.wav in Resources */ = {isa = PBXBuildFile; fileRef = 02BF6EF62C7E51E300A5A1B1 /* click copy 25.wav */; };
		02BF6F3B2C7E51E300A5A1B1 /* click copy 38.wav in Resources */ = {isa = PBXBuildFile; fileRef = 02BF6F032C7E51E300A5A1B1 /* click copy 38.wav */; };
		02BF6F3C2C7E51E300A5A1B1 /* click copy 45.wav in Resources */ = {isa = PBXBuildFile; fileRef = 02BF6F0A2C7E51E300A5A1B1 /* click copy 45.wav */; };
		02BF6F3D2C7E51E300A5A1B1 /* click copy 14.wav in Resources */ = {isa = PBXBuildFile; fileRef = 02BF6EEB2C7E51E300A5A1B1 /* click copy 14.wav */; };
		02BF6F3E2C7E51E300A5A1B1 /* click copy 15.wav in Resources */ = {isa = PBXBuildFile; fileRef = 02BF6EEC2C7E51E300A5A1B1 /* click copy 15.wav */; };
		02BF6F3F2C7E51E300A5A1B1 /* click copy 31.wav in Resources */ = {isa = PBXBuildFile; fileRef = 02BF6EFC2C7E51E300A5A1B1 /* click copy 31.wav */; };
		02BF6F402C7E51E300A5A1B1 /* click copy 41.wav in Resources */ = {isa = PBXBuildFile; fileRef = 02BF6F062C7E51E300A5A1B1 /* click copy 41.wav */; };
		02BF6F412C7E51E300A5A1B1 /* click copy 17.wav in Resources */ = {isa = PBXBuildFile; fileRef = 02BF6EEE2C7E51E300A5A1B1 /* click copy 17.wav */; };
		02BF6F422C7E51E300A5A1B1 /* click copy 48.wav in Resources */ = {isa = PBXBuildFile; fileRef = 02BF6F0D2C7E51E300A5A1B1 /* click copy 48.wav */; };
		02BF6F432C7E51E300A5A1B1 /* click copy 40.wav in Resources */ = {isa = PBXBuildFile; fileRef = 02BF6F052C7E51E300A5A1B1 /* click copy 40.wav */; };
		02BF6FA82C7E5C3000A5A1B1 /* MCO_Mend 17_Violin1_Scherzo.wav in Resources */ = {isa = PBXBuildFile; fileRef = 02BF6F522C7E5C3000A5A1B1 /* MCO_Mend 17_Violin1_Scherzo.wav */; };
		02BF6FA92C7E5C3000A5A1B1 /* MCO_Mend 90_Pauke_MCM_Scherzo.wav in Resources */ = {isa = PBXBuildFile; fileRef = 02BF6F912C7E5C3000A5A1B1 /* MCO_Mend 90_Pauke_MCM_Scherzo.wav */; };
		02BF6FAA2C7E5C3000A5A1B1 /* MCO_Mend 109_Fag_MCM_Scherzo.wav in Resources */ = {isa = PBXBuildFile; fileRef = 02BF6FA32C7E5C3000A5A1B1 /* MCO_Mend 109_Fag_MCM_Scherzo.wav */; };
		02BF6FAB2C7E5C3000A5A1B1 /* MCO_Mend 16_Violin1_Scherzo.wav in Resources */ = {isa = PBXBuildFile; fileRef = 02BF6F512C7E5C3000A5A1B1 /* MCO_Mend 16_Violin1_Scherzo.wav */; };
		02BF6FAC2C7E5C3000A5A1B1 /* MCO_Mend 53_VN2_Scherzo.wav in Resources */ = {isa = PBXBuildFile; fileRef = 02BF6F6D2C7E5C3000A5A1B1 /* MCO_Mend 53_VN2_Scherzo.wav */; };
		02BF6FAD2C7E5C3000A5A1B1 /* MCO_Mend 38_KB_MCM_Scherzo.wav in Resources */ = {isa = PBXBuildFile; fileRef = 02BF6F672C7E5C3000A5A1B1 /* MCO_Mend 38_KB_MCM_Scherzo.wav */; };
		02BF6FAE2C7E5C3000A5A1B1 /* MCO_Mend 21_Violin1_MCM_Scherzo.wav in Resources */ = {isa = PBXBuildFile; fileRef = 02BF6F562C7E5C3000A5A1B1 /* MCO_Mend 21_Violin1_MCM_Scherzo.wav */; };
		02BF6FAF2C7E5C3000A5A1B1 /* MCO_Mend 81_VN2_MCM_Scherzo.wav in Resources */ = {isa = PBXBuildFile; fileRef = 02BF6F882C7E5C3000A5A1B1 /* MCO_Mend 81_VN2_MCM_Scherzo.wav */; };
		02BF6FB02C7E5C3000A5A1B1 /* MCO_Mend 100_Oboe_MCM_Scherzo.wav in Resources */ = {isa = PBXBuildFile; fileRef = 02BF6F9A2C7E5C3000A5A1B1 /* MCO_Mend 100_Oboe_MCM_Scherzo.wav */; };
		02BF6FB12C7E5C3000A5A1B1 /* MCO_Mend 86_VA_MCM_Scherzo.wav in Resources */ = {isa = PBXBuildFile; fileRef = 02BF6F8D2C7E5C3000A5A1B1 /* MCO_Mend 86_VA_MCM_Scherzo.wav */; };
		02BF6FB22C7E5C3000A5A1B1 /* MCO_Mend 9_Violin1_Scherzo.wav in Resources */ = {isa = PBXBuildFile; fileRef = 02BF6F4A2C7E5C3000A5A1B1 /* MCO_Mend 9_Violin1_Scherzo.wav */; };
		02BF6FB32C7E5C3000A5A1B1 /* MCO_Mend 68_Horn_Scherzo.wav in Resources */ = {isa = PBXBuildFile; fileRef = 02BF6F7C2C7E5C3000A5A1B1 /* MCO_Mend 68_Horn_Scherzo.wav */; };
		02BF6FB42C7E5C3000A5A1B1 /* MCO_Mend 7 Violin1_Scherzo.wav in Resources */ = {isa = PBXBuildFile; fileRef = 02BF6F482C7E5C3000A5A1B1 /* MCO_Mend 7 Violin1_Scherzo.wav */; };
		02BF6FB52C7E5C3000A5A1B1 /* MCO_Mend 20_Violin1_MCM_Scherzo.wav in Resources */ = {isa = PBXBuildFile; fileRef = 02BF6F552C7E5C3000A5A1B1 /* MCO_Mend 20_Violin1_MCM_Scherzo.wav */; };
		02BF6FB62C7E5C3000A5A1B1 /* MCO_Mend 64_Trumpet_Scherzo.wav in Resources */ = {isa = PBXBuildFile; fileRef = 02BF6F782C7E5C3000A5A1B1 /* MCO_Mend 64_Trumpet_Scherzo.wav */; };
		02BF6FB72C7E5C3000A5A1B1 /* MCO_Mend 98_Flute_MCM_Scherzo.wav in Resources */ = {isa = PBXBuildFile; fileRef = 02BF6F982C7E5C3000A5A1B1 /* MCO_Mend 98_Flute_MCM_Scherzo.wav */; };
		02BF6FB82C7E5C3000A5A1B1 /* MCO_Mend 92_Pauke_MCM_Scherzo.wav in Resources */ = {isa = PBXBuildFile; fileRef = 02BF6F932C7E5C3000A5A1B1 /* MCO_Mend 92_Pauke_MCM_Scherzo.wav */; };
		02BF6FB92C7E5C3000A5A1B1 /* MCO_Mend 67_Trumpet_Scherzo.wav in Resources */ = {isa = PBXBuildFile; fileRef = 02BF6F7B2C7E5C3000A5A1B1 /* MCO_Mend 67_Trumpet_Scherzo.wav */; };
		02BF6FBA2C7E5C3000A5A1B1 /* MCO_Mend 8_Violin1_Scherzo.wav in Resources */ = {isa = PBXBuildFile; fileRef = 02BF6F492C7E5C3000A5A1B1 /* MCO_Mend 8_Violin1_Scherzo.wav */; };
		02BF6FBB2C7E5C3000A5A1B1 /* MCO_Mend 18_Violin1_MCM_Scherzo.wav in Resources */ = {isa = PBXBuildFile; fileRef = 02BF6F532C7E5C3000A5A1B1 /* MCO_Mend 18_Violin1_MCM_Scherzo.wav */; };
		02BF6FBC2C7E5C3000A5A1B1 /* MCO_Mend 33_KB_Scherzo.wav in Resources */ = {isa = PBXBuildFile; fileRef = 02BF6F622C7E5C3000A5A1B1 /* MCO_Mend 33_KB_Scherzo.wav */; };
		02BF6FBD2C7E5C3000A5A1B1 /* MCO_Mend 107_Klarinett_MCM_Scherzo.wav in Resources */ = {isa = PBXBuildFile; fileRef = 02BF6FA12C7E5C3000A5A1B1 /* MCO_Mend 107_Klarinett_MCM_Scherzo.wav */; };
		02BF6FBE2C7E5C3000A5A1B1 /* MCO_Mend 6_Scherzo.wav in Resources */ = {isa = PBXBuildFile; fileRef = 02BF6F472C7E5C3000A5A1B1 /* MCO_Mend 6_Scherzo.wav */; };
		02BF6FBF2C7E5C3000A5A1B1 /* MCO_Mend 4_Scherzo.wav in Resources */ = {isa = PBXBuildFile; fileRef = 02BF6F452C7E5C3000A5A1B1 /* MCO_Mend 4_Scherzo.wav */; };
		02BF6FC02C7E5C3000A5A1B1 /* MCO_Mend 35_KB_Scherzo.wav in Resources */ = {isa = PBXBuildFile; fileRef = 02BF6F642C7E5C3000A5A1B1 /* MCO_Mend 35_KB_Scherzo.wav */; };
		02BF6FC12C7E5C3000A5A1B1 /* MCO_Mend 29_VC_MCM_Scherzo.wav in Resources */ = {isa = PBXBuildFile; fileRef = 02BF6F5E2C7E5C3000A5A1B1 /* MCO_Mend 29_VC_MCM_Scherzo.wav */; };
		02BF6FC22C7E5C3000A5A1B1 /* MCO_Mend 62_Oboe_Scherzo.wav in Resources */ = {isa = PBXBuildFile; fileRef = 02BF6F762C7E5C3000A5A1B1 /* MCO_Mend 62_Oboe_Scherzo.wav */; };
		02BF6FC32C7E5C3000A5A1B1 /* MCO_Mend 82_VN2_MCM_Scherzo.wav in Resources */ = {isa = PBXBuildFile; fileRef = 02BF6F892C7E5C3000A5A1B1 /* MCO_Mend 82_VN2_MCM_Scherzo.wav */; };
		02BF6FC42C7E5C3000A5A1B1 /* MCO_Mend 104_Horn_MCM_Scherzo.wav in Resources */ = {isa = PBXBuildFile; fileRef = 02BF6F9E2C7E5C3000A5A1B1 /* MCO_Mend 104_Horn_MCM_Scherzo.wav */; };
		02BF6FC52C7E5C3000A5A1B1 /* MCO_Mend 56_VA_Scherzo.wav in Resources */ = {isa = PBXBuildFile; fileRef = 02BF6F702C7E5C3000A5A1B1 /* MCO_Mend 56_VA_Scherzo.wav */; };
		02BF6FC62C7E5C3000A5A1B1 /* MCO_Mend 51_VN2_Scherzo.wav in Resources */ = {isa = PBXBuildFile; fileRef = 02BF6F6B2C7E5C3000A5A1B1 /* MCO_Mend 51_VN2_Scherzo.wav */; };
		02BF6FC72C7E5C3000A5A1B1 /* MCO_Mend 49_VN2_Scherzo.wav in Resources */ = {isa = PBXBuildFile; fileRef = 02BF6F692C7E5C3000A5A1B1 /* MCO_Mend 49_VN2_Scherzo.wav */; };
		02BF6FC82C7E5C3000A5A1B1 /* MCO_Mend 39_KB_MCM_Scherzo.wav in Resources */ = {isa = PBXBuildFile; fileRef = 02BF6F682C7E5C3000A5A1B1 /* MCO_Mend 39_KB_MCM_Scherzo.wav */; };
		02BF6FC92C7E5C3000A5A1B1 /* MCO_Mend 95_Tuba_MCM_Scherzo.wav in Resources */ = {isa = PBXBuildFile; fileRef = 02BF6F962C7E5C3000A5A1B1 /* MCO_Mend 95_Tuba_MCM_Scherzo.wav */; };
		02BF6FCA2C7E5C3000A5A1B1 /* MCO_Mend 14_Violin1_Scherzo.wav in Resources */ = {isa = PBXBuildFile; fileRef = 02BF6F4F2C7E5C3000A5A1B1 /* MCO_Mend 14_Violin1_Scherzo.wav */; };
		02BF6FCB2C7E5C3000A5A1B1 /* MCO_Mend 52_VN2_Scherzo.wav in Resources */ = {isa = PBXBuildFile; fileRef = 02BF6F6C2C7E5C3000A5A1B1 /* MCO_Mend 52_VN2_Scherzo.wav */; };
		02BF6FCC2C7E5C3000A5A1B1 /* MCO_Mend 63_Oboe_Scherzo.wav in Resources */ = {isa = PBXBuildFile; fileRef = 02BF6F772C7E5C3000A5A1B1 /* MCO_Mend 63_Oboe_Scherzo.wav */; };
		02BF6FCD2C7E5C3000A5A1B1 /* MCO_Mend 76_PosTB_Scherzo.wav in Resources */ = {isa = PBXBuildFile; fileRef = 02BF6F842C7E5C3000A5A1B1 /* MCO_Mend 76_PosTB_Scherzo.wav */; };
		02BF6FCE2C7E5C3000A5A1B1 /* MCO_Mend 108_Fag_MCM_Scherzo.wav in Resources */ = {isa = PBXBuildFile; fileRef = 02BF6FA22C7E5C3000A5A1B1 /* MCO_Mend 108_Fag_MCM_Scherzo.wav */; };
		02BF6FCF2C7E5C3000A5A1B1 /* MCO_Mend 106_Klarinett_MCM_Scherzo.wav in Resources */ = {isa = PBXBuildFile; fileRef = 02BF6FA02C7E5C3000A5A1B1 /* MCO_Mend 106_Klarinett_MCM_Scherzo.wav */; };
		02BF6FD02C7E5C3000A5A1B1 /* MCO_Mend 91_Pauke_MCM_Scherzo.wav in Resources */ = {isa = PBXBuildFile; fileRef = 02BF6F922C7E5C3000A5A1B1 /* MCO_Mend 91_Pauke_MCM_Scherzo.wav */; };
		02BF6FD12C7E5C3000A5A1B1 /* MCO_Mend 37_KB_MCM_Scherzo.wav in Resources */ = {isa = PBXBuildFile; fileRef = 02BF6F662C7E5C3000A5A1B1 /* MCO_Mend 37_KB_MCM_Scherzo.wav */; };
		02BF6FD22C7E5C3000A5A1B1 /* MCO_Mend 99_Oboe_MCM_Scherzo.wav in Resources */ = {isa = PBXBuildFile; fileRef = 02BF6F992C7E5C3000A5A1B1 /* MCO_Mend 99_Oboe_MCM_Scherzo.wav */; };
		02BF6FD32C7E5C3000A5A1B1 /* MCO_Mend 54_VA_Scherzo.wav in Resources */ = {isa = PBXBuildFile; fileRef = 02BF6F6E2C7E5C3000A5A1B1 /* MCO_Mend 54_VA_Scherzo.wav */; };
		02BF6FD42C7E5C3000A5A1B1 /* MCO_Mend 23_Violin1_MCM_Scherzo.wav in Resources */ = {isa = PBXBuildFile; fileRef = 02BF6F582C7E5C3000A5A1B1 /* MCO_Mend 23_Violin1_MCM_Scherzo.wav */; };
		02BF6FD52C7E5C3000A5A1B1 /* MCO_Mend 89_VA_MCM_Scherzo.wav in Resources */ = {isa = PBXBuildFile; fileRef = 02BF6F902C7E5C3000A5A1B1 /* MCO_Mend 89_VA_MCM_Scherzo.wav */; };
		02BF6FD62C7E5C3000A5A1B1 /* MCO_Mend 13_Violin1_Scherzo.wav in Resources */ = {isa = PBXBuildFile; fileRef = 02BF6F4E2C7E5C3000A5A1B1 /* MCO_Mend 13_Violin1_Scherzo.wav */; };
		02BF6FD72C7E5C3000A5A1B1 /* MCO_Mend 102_Trumpet_MCM_Scherzo.wav in Resources */ = {isa = PBXBuildFile; fileRef = 02BF6F9C2C7E5C3000A5A1B1 /* MCO_Mend 102_Trumpet_MCM_Scherzo.wav */; };
		02BF6FD82C7E5C3000A5A1B1 /* MCO_Mend 105_Horn_MCM_Scherzo.wav in Resources */ = {isa = PBXBuildFile; fileRef = 02BF6F9F2C7E5C3000A5A1B1 /* MCO_Mend 105_Horn_MCM_Scherzo.wav */; };
		02BF6FD92C7E5C3000A5A1B1 /* MCO_Mend 103_Trumpet_MCM_Scherzo.wav in Resources */ = {isa = PBXBuildFile; fileRef = 02BF6F9D2C7E5C3000A5A1B1 /* MCO_Mend 103_Trumpet_MCM_Scherzo.wav */; };
		02BF6FDA2C7E5C3000A5A1B1 /* MCO_Mend 34_KB_Scherzo.wav in Resources */ = {isa = PBXBuildFile; fileRef = 02BF6F632C7E5C3000A5A1B1 /* MCO_Mend 34_KB_Scherzo.wav */; };
		02BF6FDB2C7E5C3000A5A1B1 /* MCO_Mend 112_Posaune_MCM_Scherzo.wav in Resources */ = {isa = PBXBuildFile; fileRef = 02BF6FA62C7E5C3000A5A1B1 /* MCO_Mend 112_Posaune_MCM_Scherzo.wav */; };
		02BF6FDC2C7E5C3000A5A1B1 /* MCO_Mend 19_Violin1_MCM_Scherzo.wav in Resources */ = {isa = PBXBuildFile; fileRef = 02BF6F542C7E5C3000A5A1B1 /* MCO_Mend 19_Violin1_MCM_Scherzo.wav */; };
		02BF6FDD2C7E5C3000A5A1B1 /* MCO_Mend 3 HauptLF_Scherzo.wav in Resources */ = {isa = PBXBuildFile; fileRef = 02BF6F442C7E5C3000A5A1B1 /* MCO_Mend 3 HauptLF_Scherzo.wav */; };
		02BF6FDE2C7E5C3000A5A1B1 /* MCO_Mend 36_KB_Scherzo.wav in Resources */ = {isa = PBXBuildFile; fileRef = 02BF6F652C7E5C3000A5A1B1 /* MCO_Mend 36_KB_Scherzo.wav */; };
		02BF6FDF2C7E5C3000A5A1B1 /* MCO_Mend 111_Posaune_MCM_Scherzo.wav in Resources */ = {isa = PBXBuildFile; fileRef = 02BF6FA52C7E5C3000A5A1B1 /* MCO_Mend 111_Posaune_MCM_Scherzo.wav */; };
		02BF6FE02C7E5C3000A5A1B1 /* MCO_Mend 60_Flute_Scherzo.wav in Resources */ = {isa = PBXBuildFile; fileRef = 02BF6F742C7E5C3000A5A1B1 /* MCO_Mend 60_Flute_Scherzo.wav */; };
		02BF6FE12C7E5C3000A5A1B1 /* MCO_Mend 78_VN2_MCM_Scherzo.wav in Resources */ = {isa = PBXBuildFile; fileRef = 02BF6F852C7E5C3000A5A1B1 /* MCO_Mend 78_VN2_MCM_Scherzo.wav */; };
		02BF6FE22C7E5C3000A5A1B1 /* MCO_Mend 5 HauptRR_Scherzo.wav in Resources */ = {isa = PBXBuildFile; fileRef = 02BF6F462C7E5C3000A5A1B1 /* MCO_Mend 5 HauptRR_Scherzo.wav */; };
		02BF6FE32C7E5C3000A5A1B1 /* MCO_Mend 73_Fag_Scherzo.wav in Resources */ = {isa = PBXBuildFile; fileRef = 02BF6F812C7E5C3000A5A1B1 /* MCO_Mend 73_Fag_Scherzo.wav */; };
		02BF6FE42C7E5C3000A5A1B1 /* MCO_Mend 75_Pos_Scherzo.wav in Resources */ = {isa = PBXBuildFile; fileRef = 02BF6F832C7E5C3000A5A1B1 /* MCO_Mend 75_Pos_Scherzo.wav */; };
		02BF6FE52C7E5C3000A5A1B1 /* MCO_Mend 58_PK_Scherzo.wav in Resources */ = {isa = PBXBuildFile; fileRef = 02BF6F722C7E5C3000A5A1B1 /* MCO_Mend 58_PK_Scherzo.wav */; };
		02BF6FE62C7E5C3000A5A1B1 /* MCO_Mend 85_VA_MCM_Scherzo.wav in Resources */ = {isa = PBXBuildFile; fileRef = 02BF6F8C2C7E5C3000A5A1B1 /* MCO_Mend 85_VA_MCM_Scherzo.wav */; };
		02BF6FE72C7E5C3000A5A1B1 /* MCO_Mend 84_VN2_MCM_Scherzo.wav in Resources */ = {isa = PBXBuildFile; fileRef = 02BF6F8B2C7E5C3000A5A1B1 /* MCO_Mend 84_VN2_MCM_Scherzo.wav */; };
		02BF6FE82C7E5C3000A5A1B1 /* MCO_Mend 87_VA_MCM_Scherzo.wav in Resources */ = {isa = PBXBuildFile; fileRef = 02BF6F8E2C7E5C3000A5A1B1 /* MCO_Mend 87_VA_MCM_Scherzo.wav */; };
		02BF6FE92C7E5C3000A5A1B1 /* MCO_Mend 55_VA_Scherzo.wav in Resources */ = {isa = PBXBuildFile; fileRef = 02BF6F6F2C7E5C3000A5A1B1 /* MCO_Mend 55_VA_Scherzo.wav */; };
		02BF6FEA2C7E5C3000A5A1B1 /* MCO_Mend 79_VN2_MCM_Scherzo.wav in Resources */ = {isa = PBXBuildFile; fileRef = 02BF6F862C7E5C3000A5A1B1 /* MCO_Mend 79_VN2_MCM_Scherzo.wav */; };
		02BF6FEB2C7E5C3000A5A1B1 /* MCO_Mend 22_Violin1_MCM_Scherzo.wav in Resources */ = {isa = PBXBuildFile; fileRef = 02BF6F572C7E5C3000A5A1B1 /* MCO_Mend 22_Violin1_MCM_Scherzo.wav */; };
		02BF6FEC2C7E5C3000A5A1B1 /* MCO_Mend 74_Pos_Scherzo.wav in Resources */ = {isa = PBXBuildFile; fileRef = 02BF6F822C7E5C3000A5A1B1 /* MCO_Mend 74_Pos_Scherzo.wav */; };
		02BF6FED2C7E5C3000A5A1B1 /* MCO_Mend 28_VC_MCM_MCM_Scherzo.wav in Resources */ = {isa = PBXBuildFile; fileRef = 02BF6F5D2C7E5C3000A5A1B1 /* MCO_Mend 28_VC_MCM_MCM_Scherzo.wav */; };
		02BF6FEE2C7E5C3000A5A1B1 /* MCO_Mend 61_Flute_Scherzo.wav in Resources */ = {isa = PBXBuildFile; fileRef = 02BF6F752C7E5C3000A5A1B1 /* MCO_Mend 61_Flute_Scherzo.wav */; };
		02BF6FEF2C7E5C3000A5A1B1 /* MCO_Mend 27_VC_MCM_MCM_Scherzo.wav in Resources */ = {isa = PBXBuildFile; fileRef = 02BF6F5C2C7E5C3000A5A1B1 /* MCO_Mend 27_VC_MCM_MCM_Scherzo.wav */; };
		02BF6FF02C7E5C3000A5A1B1 /* MCO_Mend 83_VN2_MCM_Scherzo.wav in Resources */ = {isa = PBXBuildFile; fileRef = 02BF6F8A2C7E5C3000A5A1B1 /* MCO_Mend 83_VN2_MCM_Scherzo.wav */; };
		02BF6FF12C7E5C3000A5A1B1 /* MCO_Mend 50_VN2_Scherzo.wav in Resources */ = {isa = PBXBuildFile; fileRef = 02BF6F6A2C7E5C3000A5A1B1 /* MCO_Mend 50_VN2_Scherzo.wav */; };
		02BF6FF22C7E5C3000A5A1B1 /* MCO_Mend 10_Violin1_Scherzo.wav in Resources */ = {isa = PBXBuildFile; fileRef = 02BF6F4B2C7E5C3000A5A1B1 /* MCO_Mend 10_Violin1_Scherzo.wav */; };
		02BF6FF32C7E5C3000A5A1B1 /* MCO_Mend 11_Violin1_Scherzo.wav in Resources */ = {isa = PBXBuildFile; fileRef = 02BF6F4C2C7E5C3000A5A1B1 /* MCO_Mend 11_Violin1_Scherzo.wav */; };
		02BF6FF42C7E5C3000A5A1B1 /* MCO_Mend 69_Horn_Scherzo.wav in Resources */ = {isa = PBXBuildFile; fileRef = 02BF6F7D2C7E5C3000A5A1B1 /* MCO_Mend 69_Horn_Scherzo.wav */; };
		02BF6FF52C7E5C3000A5A1B1 /* MCO_Mend 12_Violin1_Scherzo.wav in Resources */ = {isa = PBXBuildFile; fileRef = 02BF6F4D2C7E5C3000A5A1B1 /* MCO_Mend 12_Violin1_Scherzo.wav */; };
		02BF6FF62C7E5C3000A5A1B1 /* MCO_Mend 65_Trumpet_Scherzo.wav in Resources */ = {isa = PBXBuildFile; fileRef = 02BF6F792C7E5C3000A5A1B1 /* MCO_Mend 65_Trumpet_Scherzo.wav */; };
		02BF6FF72C7E5C3000A5A1B1 /* MCO_Mend 59_PERC_Scherzo.wav in Resources */ = {isa = PBXBuildFile; fileRef = 02BF6F732C7E5C3000A5A1B1 /* MCO_Mend 59_PERC_Scherzo.wav */; };
		02BF6FF82C7E5C3000A5A1B1 /* MCO_Mend 57_VA_Scherzo.wav in Resources */ = {isa = PBXBuildFile; fileRef = 02BF6F712C7E5C3000A5A1B1 /* MCO_Mend 57_VA_Scherzo.wav */; };
		02BF6FF92C7E5C3000A5A1B1 /* MCO_Mend 15_Violin1_Scherzo.wav in Resources */ = {isa = PBXBuildFile; fileRef = 02BF6F502C7E5C3000A5A1B1 /* MCO_Mend 15_Violin1_Scherzo.wav */; };
		02BF6FFA2C7E5C3000A5A1B1 /* MCO_Mend 101_Trumpet_MCM_Scherzo.wav in Resources */ = {isa = PBXBuildFile; fileRef = 02BF6F9B2C7E5C3000A5A1B1 /* MCO_Mend 101_Trumpet_MCM_Scherzo.wav */; };
		02BF6FFB2C7E5C3000A5A1B1 /* MCO_Mend 30_VC_MCM_Scherzo.wav in Resources */ = {isa = PBXBuildFile; fileRef = 02BF6F5F2C7E5C3000A5A1B1 /* MCO_Mend 30_VC_MCM_Scherzo.wav */; };
		02BF6FFC2C7E5C3000A5A1B1 /* MCO_Mend 97_Flute_MCM_Scherzo.wav in Resources */ = {isa = PBXBuildFile; fileRef = 02BF6F972C7E5C3000A5A1B1 /* MCO_Mend 97_Flute_MCM_Scherzo.wav */; };
		02BF6FFD2C7E5C3000A5A1B1 /* MCO_Mend 93_Pauke_MCM_Scherzo.wav in Resources */ = {isa = PBXBuildFile; fileRef = 02BF6F942C7E5C3000A5A1B1 /* MCO_Mend 93_Pauke_MCM_Scherzo.wav */; };
		02BF6FFE2C7E5C3000A5A1B1 /* MCO_Mend 110_Posaune_MCM_Scherzo.wav in Resources */ = {isa = PBXBuildFile; fileRef = 02BF6FA42C7E5C3000A5A1B1 /* MCO_Mend 110_Posaune_MCM_Scherzo.wav */; };
		02BF6FFF2C7E5C3000A5A1B1 /* MCO_Mend 26_Violin1_MCM_Scherzo.wav in Resources */ = {isa = PBXBuildFile; fileRef = 02BF6F5B2C7E5C3000A5A1B1 /* MCO_Mend 26_Violin1_MCM_Scherzo.wav */; };
		02BF70002C7E5C3000A5A1B1 /* MCO_Mend 31_KB_Scherzo.wav in Resources */ = {isa = PBXBuildFile; fileRef = 02BF6F602C7E5C3000A5A1B1 /* MCO_Mend 31_KB_Scherzo.wav */; };
		02BF70012C7E5C3000A5A1B1 /* MCO_Mend 80_VN2_MCM_Scherzo.wav in Resources */ = {isa = PBXBuildFile; fileRef = 02BF6F872C7E5C3000A5A1B1 /* MCO_Mend 80_VN2_MCM_Scherzo.wav */; };
		02BF70022C7E5C3000A5A1B1 /* MCO_Mend 24_Violin1_MCM_Scherzo.wav in Resources */ = {isa = PBXBuildFile; fileRef = 02BF6F592C7E5C3000A5A1B1 /* MCO_Mend 24_Violin1_MCM_Scherzo.wav */; };
		02BF70032C7E5C3000A5A1B1 /* MCO_Mend 66_Trumpet_Scherzo.wav in Resources */ = {isa = PBXBuildFile; fileRef = 02BF6F7A2C7E5C3000A5A1B1 /* MCO_Mend 66_Trumpet_Scherzo.wav */; };
		02BF70042C7E5C3000A5A1B1 /* MCO_Mend 25_Violin1_MCM_Scherzo.wav in Resources */ = {isa = PBXBuildFile; fileRef = 02BF6F5A2C7E5C3000A5A1B1 /* MCO_Mend 25_Violin1_MCM_Scherzo.wav */; };
		02BF70052C7E5C3000A5A1B1 /* MCO_Mend 94_Perc_MCM_Scherzo.wav in Resources */ = {isa = PBXBuildFile; fileRef = 02BF6F952C7E5C3000A5A1B1 /* MCO_Mend 94_Perc_MCM_Scherzo.wav */; };
		02BF70062C7E5C3000A5A1B1 /* MCO_Mend 71_Klarinett_Scherzo.wav in Resources */ = {isa = PBXBuildFile; fileRef = 02BF6F7F2C7E5C3000A5A1B1 /* MCO_Mend 71_Klarinett_Scherzo.wav */; };
		02BF70072C7E5C3000A5A1B1 /* MCO_Mend 70_Klarinett_Scherzo.wav in Resources */ = {isa = PBXBuildFile; fileRef = 02BF6F7E2C7E5C3000A5A1B1 /* MCO_Mend 70_Klarinett_Scherzo.wav */; };
		02BF70082C7E5C3000A5A1B1 /* MCO_Mend 88_VA_MCM_Scherzo.wav in Resources */ = {isa = PBXBuildFile; fileRef = 02BF6F8F2C7E5C3000A5A1B1 /* MCO_Mend 88_VA_MCM_Scherzo.wav */; };
		02BF70092C7E5C3000A5A1B1 /* MCO_Mend 32_KB_Scherzo.wav in Resources */ = {isa = PBXBuildFile; fileRef = 02BF6F612C7E5C3000A5A1B1 /* MCO_Mend 32_KB_Scherzo.wav */; };
		02BF700A2C7E5C3000A5A1B1 /* MCO_Mend 72_Fag_Scherzo.wav in Resources */ = {isa = PBXBuildFile; fileRef = 02BF6F802C7E5C3000A5A1B1 /* MCO_Mend 72_Fag_Scherzo.wav */; };
/* End PBXBuildFile section */

/* Begin PBXContainerItemProxy section */
		02BF6D532C7E432600A5A1B1 /* PBXContainerItemProxy */ = {
			isa = PBXContainerItemProxy;
			containerPortal = 02BF6D2B2C7E432500A5A1B1 /* Project object */;
			proxyType = 1;
			remoteGlobalIDString = 02BF6D322C7E432500A5A1B1;
			remoteInfo = click_file_loader;
		};
/* End PBXContainerItemProxy section */

/* Begin PBXFileReference section */
		02BF6D332C7E432500A5A1B1 /* click_file_loader.app */ = {isa = PBXFileReference; explicitFileType = wrapper.application; includeInIndex = 0; path = click_file_loader.app; sourceTree = BUILT_PRODUCTS_DIR; };
		02BF6D372C7E432500A5A1B1 /* RealityKitContent */ = {isa = PBXFileReference; lastKnownFileType = wrapper; path = RealityKitContent; sourceTree = "<group>"; };
		02BF6D522C7E432600A5A1B1 /* click_file_loaderTests.xctest */ = {isa = PBXFileReference; explicitFileType = wrapper.cfbundle; includeInIndex = 0; path = click_file_loaderTests.xctest; sourceTree = BUILT_PRODUCTS_DIR; };
		02BF6EDD2C7E51E300A5A1B1 /* click copy 0.wav */ = {isa = PBXFileReference; lastKnownFileType = audio.wav; path = "click copy 0.wav"; sourceTree = "<group>"; };
		02BF6EDE2C7E51E300A5A1B1 /* click copy 1.wav */ = {isa = PBXFileReference; lastKnownFileType = audio.wav; path = "click copy 1.wav"; sourceTree = "<group>"; };
		02BF6EDF2C7E51E300A5A1B1 /* click copy 2.wav */ = {isa = PBXFileReference; lastKnownFileType = audio.wav; path = "click copy 2.wav"; sourceTree = "<group>"; };
		02BF6EE02C7E51E300A5A1B1 /* click copy 3.wav */ = {isa = PBXFileReference; lastKnownFileType = audio.wav; path = "click copy 3.wav"; sourceTree = "<group>"; };
		02BF6EE12C7E51E300A5A1B1 /* click copy 4.wav */ = {isa = PBXFileReference; lastKnownFileType = audio.wav; path = "click copy 4.wav"; sourceTree = "<group>"; };
		02BF6EE22C7E51E300A5A1B1 /* click copy 5.wav */ = {isa = PBXFileReference; lastKnownFileType = audio.wav; path = "click copy 5.wav"; sourceTree = "<group>"; };
		02BF6EE32C7E51E300A5A1B1 /* click copy 6.wav */ = {isa = PBXFileReference; lastKnownFileType = audio.wav; path = "click copy 6.wav"; sourceTree = "<group>"; };
		02BF6EE42C7E51E300A5A1B1 /* click copy 7.wav */ = {isa = PBXFileReference; lastKnownFileType = audio.wav; path = "click copy 7.wav"; sourceTree = "<group>"; };
		02BF6EE52C7E51E300A5A1B1 /* click copy 8.wav */ = {isa = PBXFileReference; lastKnownFileType = audio.wav; path = "click copy 8.wav"; sourceTree = "<group>"; };
		02BF6EE62C7E51E300A5A1B1 /* click copy 9.wav */ = {isa = PBXFileReference; lastKnownFileType = audio.wav; path = "click copy 9.wav"; sourceTree = "<group>"; };
		02BF6EE72C7E51E300A5A1B1 /* click copy 10.wav */ = {isa = PBXFileReference; lastKnownFileType = audio.wav; path = "click copy 10.wav"; sourceTree = "<group>"; };
		02BF6EE82C7E51E300A5A1B1 /* click copy 11.wav */ = {isa = PBXFileReference; lastKnownFileType = audio.wav; path = "click copy 11.wav"; sourceTree = "<group>"; };
		02BF6EE92C7E51E300A5A1B1 /* click copy 12.wav */ = {isa = PBXFileReference; lastKnownFileType = audio.wav; path = "click copy 12.wav"; sourceTree = "<group>"; };
		02BF6EEA2C7E51E300A5A1B1 /* click copy 13.wav */ = {isa = PBXFileReference; lastKnownFileType = audio.wav; path = "click copy 13.wav"; sourceTree = "<group>"; };
		02BF6EEB2C7E51E300A5A1B1 /* click copy 14.wav */ = {isa = PBXFileReference; lastKnownFileType = audio.wav; path = "click copy 14.wav"; sourceTree = "<group>"; };
		02BF6EEC2C7E51E300A5A1B1 /* click copy 15.wav */ = {isa = PBXFileReference; lastKnownFileType = audio.wav; path = "click copy 15.wav"; sourceTree = "<group>"; };
		02BF6EED2C7E51E300A5A1B1 /* click copy 16.wav */ = {isa = PBXFileReference; lastKnownFileType = audio.wav; path = "click copy 16.wav"; sourceTree = "<group>"; };
		02BF6EEE2C7E51E300A5A1B1 /* click copy 17.wav */ = {isa = PBXFileReference; lastKnownFileType = audio.wav; path = "click copy 17.wav"; sourceTree = "<group>"; };
		02BF6EEF2C7E51E300A5A1B1 /* click copy 18.wav */ = {isa = PBXFileReference; lastKnownFileType = audio.wav; path = "click copy 18.wav"; sourceTree = "<group>"; };
		02BF6EF02C7E51E300A5A1B1 /* click copy 19.wav */ = {isa = PBXFileReference; lastKnownFileType = audio.wav; path = "click copy 19.wav"; sourceTree = "<group>"; };
		02BF6EF12C7E51E300A5A1B1 /* click copy 20.wav */ = {isa = PBXFileReference; lastKnownFileType = audio.wav; path = "click copy 20.wav"; sourceTree = "<group>"; };
		02BF6EF22C7E51E300A5A1B1 /* click copy 21.wav */ = {isa = PBXFileReference; lastKnownFileType = audio.wav; path = "click copy 21.wav"; sourceTree = "<group>"; };
		02BF6EF32C7E51E300A5A1B1 /* click copy 22.wav */ = {isa = PBXFileReference; lastKnownFileType = audio.wav; path = "click copy 22.wav"; sourceTree = "<group>"; };
		02BF6EF42C7E51E300A5A1B1 /* click copy 23.wav */ = {isa = PBXFileReference; lastKnownFileType = audio.wav; path = "click copy 23.wav"; sourceTree = "<group>"; };
		02BF6EF52C7E51E300A5A1B1 /* click copy 24.wav */ = {isa = PBXFileReference; lastKnownFileType = audio.wav; path = "click copy 24.wav"; sourceTree = "<group>"; };
		02BF6EF62C7E51E300A5A1B1 /* click copy 25.wav */ = {isa = PBXFileReference; lastKnownFileType = audio.wav; path = "click copy 25.wav"; sourceTree = "<group>"; };
		02BF6EF72C7E51E300A5A1B1 /* click copy 26.wav */ = {isa = PBXFileReference; lastKnownFileType = audio.wav; path = "click copy 26.wav"; sourceTree = "<group>"; };
		02BF6EF82C7E51E300A5A1B1 /* click copy 27.wav */ = {isa = PBXFileReference; lastKnownFileType = audio.wav; path = "click copy 27.wav"; sourceTree = "<group>"; };
		02BF6EF92C7E51E300A5A1B1 /* click copy 28.wav */ = {isa = PBXFileReference; lastKnownFileType = audio.wav; path = "click copy 28.wav"; sourceTree = "<group>"; };
		02BF6EFA2C7E51E300A5A1B1 /* click copy 29.wav */ = {isa = PBXFileReference; lastKnownFileType = audio.wav; path = "click copy 29.wav"; sourceTree = "<group>"; };
		02BF6EFB2C7E51E300A5A1B1 /* click copy 30.wav */ = {isa = PBXFileReference; lastKnownFileType = audio.wav; path = "click copy 30.wav"; sourceTree = "<group>"; };
		02BF6EFC2C7E51E300A5A1B1 /* click copy 31.wav */ = {isa = PBXFileReference; lastKnownFileType = audio.wav; path = "click copy 31.wav"; sourceTree = "<group>"; };
		02BF6EFD2C7E51E300A5A1B1 /* click copy 32.wav */ = {isa = PBXFileReference; lastKnownFileType = audio.wav; path = "click copy 32.wav"; sourceTree = "<group>"; };
		02BF6EFE2C7E51E300A5A1B1 /* click copy 33.wav */ = {isa = PBXFileReference; lastKnownFileType = audio.wav; path = "click copy 33.wav"; sourceTree = "<group>"; };
		02BF6EFF2C7E51E300A5A1B1 /* click copy 34.wav */ = {isa = PBXFileReference; lastKnownFileType = audio.wav; path = "click copy 34.wav"; sourceTree = "<group>"; };
		02BF6F002C7E51E300A5A1B1 /* click copy 35.wav */ = {isa = PBXFileReference; lastKnownFileType = audio.wav; path = "click copy 35.wav"; sourceTree = "<group>"; };
		02BF6F012C7E51E300A5A1B1 /* click copy 36.wav */ = {isa = PBXFileReference; lastKnownFileType = audio.wav; path = "click copy 36.wav"; sourceTree = "<group>"; };
		02BF6F022C7E51E300A5A1B1 /* click copy 37.wav */ = {isa = PBXFileReference; lastKnownFileType = audio.wav; path = "click copy 37.wav"; sourceTree = "<group>"; };
		02BF6F032C7E51E300A5A1B1 /* click copy 38.wav */ = {isa = PBXFileReference; lastKnownFileType = audio.wav; path = "click copy 38.wav"; sourceTree = "<group>"; };
		02BF6F042C7E51E300A5A1B1 /* click copy 39.wav */ = {isa = PBXFileReference; lastKnownFileType = audio.wav; path = "click copy 39.wav"; sourceTree = "<group>"; };
		02BF6F052C7E51E300A5A1B1 /* click copy 40.wav */ = {isa = PBXFileReference; lastKnownFileType = audio.wav; path = "click copy 40.wav"; sourceTree = "<group>"; };
		02BF6F062C7E51E300A5A1B1 /* click copy 41.wav */ = {isa = PBXFileReference; lastKnownFileType = audio.wav; path = "click copy 41.wav"; sourceTree = "<group>"; };
		02BF6F072C7E51E300A5A1B1 /* click copy 42.wav */ = {isa = PBXFileReference; lastKnownFileType = audio.wav; path = "click copy 42.wav"; sourceTree = "<group>"; };
		02BF6F082C7E51E300A5A1B1 /* click copy 43.wav */ = {isa = PBXFileReference; lastKnownFileType = audio.wav; path = "click copy 43.wav"; sourceTree = "<group>"; };
		02BF6F092C7E51E300A5A1B1 /* click copy 44.wav */ = {isa = PBXFileReference; lastKnownFileType = audio.wav; path = "click copy 44.wav"; sourceTree = "<group>"; };
		02BF6F0A2C7E51E300A5A1B1 /* click copy 45.wav */ = {isa = PBXFileReference; lastKnownFileType = audio.wav; path = "click copy 45.wav"; sourceTree = "<group>"; };
		02BF6F0B2C7E51E300A5A1B1 /* click copy 46.wav */ = {isa = PBXFileReference; lastKnownFileType = audio.wav; path = "click copy 46.wav"; sourceTree = "<group>"; };
		02BF6F0C2C7E51E300A5A1B1 /* click copy 47.wav */ = {isa = PBXFileReference; lastKnownFileType = audio.wav; path = "click copy 47.wav"; sourceTree = "<group>"; };
		02BF6F0D2C7E51E300A5A1B1 /* click copy 48.wav */ = {isa = PBXFileReference; lastKnownFileType = audio.wav; path = "click copy 48.wav"; sourceTree = "<group>"; };
		02BF6F0E2C7E51E300A5A1B1 /* click copy 49.wav */ = {isa = PBXFileReference; lastKnownFileType = audio.wav; path = "click copy 49.wav"; sourceTree = "<group>"; };
		02BF6F0F2C7E51E300A5A1B1 /* click copy 50.wav */ = {isa = PBXFileReference; lastKnownFileType = audio.wav; path = "click copy 50.wav"; sourceTree = "<group>"; };
		02BF6F442C7E5C3000A5A1B1 /* MCO_Mend 3 HauptLF_Scherzo.wav */ = {isa = PBXFileReference; lastKnownFileType = audio.wav; path = "MCO_Mend 3 HauptLF_Scherzo.wav"; sourceTree = "<group>"; };
		02BF6F452C7E5C3000A5A1B1 /* MCO_Mend 4_Scherzo.wav */ = {isa = PBXFileReference; lastKnownFileType = audio.wav; path = "MCO_Mend 4_Scherzo.wav"; sourceTree = "<group>"; };
		02BF6F462C7E5C3000A5A1B1 /* MCO_Mend 5 HauptRR_Scherzo.wav */ = {isa = PBXFileReference; lastKnownFileType = audio.wav; path = "MCO_Mend 5 HauptRR_Scherzo.wav"; sourceTree = "<group>"; };
		02BF6F472C7E5C3000A5A1B1 /* MCO_Mend 6_Scherzo.wav */ = {isa = PBXFileReference; lastKnownFileType = audio.wav; path = "MCO_Mend 6_Scherzo.wav"; sourceTree = "<group>"; };
		02BF6F482C7E5C3000A5A1B1 /* MCO_Mend 7 Violin1_Scherzo.wav */ = {isa = PBXFileReference; lastKnownFileType = audio.wav; path = "MCO_Mend 7 Violin1_Scherzo.wav"; sourceTree = "<group>"; };
		02BF6F492C7E5C3000A5A1B1 /* MCO_Mend 8_Violin1_Scherzo.wav */ = {isa = PBXFileReference; lastKnownFileType = audio.wav; path = "MCO_Mend 8_Violin1_Scherzo.wav"; sourceTree = "<group>"; };
		02BF6F4A2C7E5C3000A5A1B1 /* MCO_Mend 9_Violin1_Scherzo.wav */ = {isa = PBXFileReference; lastKnownFileType = audio.wav; path = "MCO_Mend 9_Violin1_Scherzo.wav"; sourceTree = "<group>"; };
		02BF6F4B2C7E5C3000A5A1B1 /* MCO_Mend 10_Violin1_Scherzo.wav */ = {isa = PBXFileReference; lastKnownFileType = audio.wav; path = "MCO_Mend 10_Violin1_Scherzo.wav"; sourceTree = "<group>"; };
		02BF6F4C2C7E5C3000A5A1B1 /* MCO_Mend 11_Violin1_Scherzo.wav */ = {isa = PBXFileReference; lastKnownFileType = audio.wav; path = "MCO_Mend 11_Violin1_Scherzo.wav"; sourceTree = "<group>"; };
		02BF6F4D2C7E5C3000A5A1B1 /* MCO_Mend 12_Violin1_Scherzo.wav */ = {isa = PBXFileReference; lastKnownFileType = audio.wav; path = "MCO_Mend 12_Violin1_Scherzo.wav"; sourceTree = "<group>"; };
		02BF6F4E2C7E5C3000A5A1B1 /* MCO_Mend 13_Violin1_Scherzo.wav */ = {isa = PBXFileReference; lastKnownFileType = audio.wav; path = "MCO_Mend 13_Violin1_Scherzo.wav"; sourceTree = "<group>"; };
		02BF6F4F2C7E5C3000A5A1B1 /* MCO_Mend 14_Violin1_Scherzo.wav */ = {isa = PBXFileReference; lastKnownFileType = audio.wav; path = "MCO_Mend 14_Violin1_Scherzo.wav"; sourceTree = "<group>"; };
		02BF6F502C7E5C3000A5A1B1 /* MCO_Mend 15_Violin1_Scherzo.wav */ = {isa = PBXFileReference; lastKnownFileType = audio.wav; path = "MCO_Mend 15_Violin1_Scherzo.wav"; sourceTree = "<group>"; };
		02BF6F512C7E5C3000A5A1B1 /* MCO_Mend 16_Violin1_Scherzo.wav */ = {isa = PBXFileReference; lastKnownFileType = audio.wav; path = "MCO_Mend 16_Violin1_Scherzo.wav"; sourceTree = "<group>"; };
		02BF6F522C7E5C3000A5A1B1 /* MCO_Mend 17_Violin1_Scherzo.wav */ = {isa = PBXFileReference; lastKnownFileType = audio.wav; path = "MCO_Mend 17_Violin1_Scherzo.wav"; sourceTree = "<group>"; };
		02BF6F532C7E5C3000A5A1B1 /* MCO_Mend 18_Violin1_MCM_Scherzo.wav */ = {isa = PBXFileReference; lastKnownFileType = audio.wav; path = "MCO_Mend 18_Violin1_MCM_Scherzo.wav"; sourceTree = "<group>"; };
		02BF6F542C7E5C3000A5A1B1 /* MCO_Mend 19_Violin1_MCM_Scherzo.wav */ = {isa = PBXFileReference; lastKnownFileType = audio.wav; path = "MCO_Mend 19_Violin1_MCM_Scherzo.wav"; sourceTree = "<group>"; };
		02BF6F552C7E5C3000A5A1B1 /* MCO_Mend 20_Violin1_MCM_Scherzo.wav */ = {isa = PBXFileReference; lastKnownFileType = audio.wav; path = "MCO_Mend 20_Violin1_MCM_Scherzo.wav"; sourceTree = "<group>"; };
		02BF6F562C7E5C3000A5A1B1 /* MCO_Mend 21_Violin1_MCM_Scherzo.wav */ = {isa = PBXFileReference; lastKnownFileType = audio.wav; path = "MCO_Mend 21_Violin1_MCM_Scherzo.wav"; sourceTree = "<group>"; };
		02BF6F572C7E5C3000A5A1B1 /* MCO_Mend 22_Violin1_MCM_Scherzo.wav */ = {isa = PBXFileReference; lastKnownFileType = audio.wav; path = "MCO_Mend 22_Violin1_MCM_Scherzo.wav"; sourceTree = "<group>"; };
		02BF6F582C7E5C3000A5A1B1 /* MCO_Mend 23_Violin1_MCM_Scherzo.wav */ = {isa = PBXFileReference; lastKnownFileType = audio.wav; path = "MCO_Mend 23_Violin1_MCM_Scherzo.wav"; sourceTree = "<group>"; };
		02BF6F592C7E5C3000A5A1B1 /* MCO_Mend 24_Violin1_MCM_Scherzo.wav */ = {isa = PBXFileReference; lastKnownFileType = audio.wav; path = "MCO_Mend 24_Violin1_MCM_Scherzo.wav"; sourceTree = "<group>"; };
		02BF6F5A2C7E5C3000A5A1B1 /* MCO_Mend 25_Violin1_MCM_Scherzo.wav */ = {isa = PBXFileReference; lastKnownFileType = audio.wav; path = "MCO_Mend 25_Violin1_MCM_Scherzo.wav"; sourceTree = "<group>"; };
		02BF6F5B2C7E5C3000A5A1B1 /* MCO_Mend 26_Violin1_MCM_Scherzo.wav */ = {isa = PBXFileReference; lastKnownFileType = audio.wav; path = "MCO_Mend 26_Violin1_MCM_Scherzo.wav"; sourceTree = "<group>"; };
		02BF6F5C2C7E5C3000A5A1B1 /* MCO_Mend 27_VC_MCM_MCM_Scherzo.wav */ = {isa = PBXFileReference; lastKnownFileType = audio.wav; path = "MCO_Mend 27_VC_MCM_MCM_Scherzo.wav"; sourceTree = "<group>"; };
		02BF6F5D2C7E5C3000A5A1B1 /* MCO_Mend 28_VC_MCM_MCM_Scherzo.wav */ = {isa = PBXFileReference; lastKnownFileType = audio.wav; path = "MCO_Mend 28_VC_MCM_MCM_Scherzo.wav"; sourceTree = "<group>"; };
		02BF6F5E2C7E5C3000A5A1B1 /* MCO_Mend 29_VC_MCM_Scherzo.wav */ = {isa = PBXFileReference; lastKnownFileType = audio.wav; path = "MCO_Mend 29_VC_MCM_Scherzo.wav"; sourceTree = "<group>"; };
		02BF6F5F2C7E5C3000A5A1B1 /* MCO_Mend 30_VC_MCM_Scherzo.wav */ = {isa = PBXFileReference; lastKnownFileType = audio.wav; path = "MCO_Mend 30_VC_MCM_Scherzo.wav"; sourceTree = "<group>"; };
		02BF6F602C7E5C3000A5A1B1 /* MCO_Mend 31_KB_Scherzo.wav */ = {isa = PBXFileReference; lastKnownFileType = audio.wav; path = "MCO_Mend 31_KB_Scherzo.wav"; sourceTree = "<group>"; };
		02BF6F612C7E5C3000A5A1B1 /* MCO_Mend 32_KB_Scherzo.wav */ = {isa = PBXFileReference; lastKnownFileType = audio.wav; path = "MCO_Mend 32_KB_Scherzo.wav"; sourceTree = "<group>"; };
		02BF6F622C7E5C3000A5A1B1 /* MCO_Mend 33_KB_Scherzo.wav */ = {isa = PBXFileReference; lastKnownFileType = audio.wav; path = "MCO_Mend 33_KB_Scherzo.wav"; sourceTree = "<group>"; };
		02BF6F632C7E5C3000A5A1B1 /* MCO_Mend 34_KB_Scherzo.wav */ = {isa = PBXFileReference; lastKnownFileType = audio.wav; path = "MCO_Mend 34_KB_Scherzo.wav"; sourceTree = "<group>"; };
		02BF6F642C7E5C3000A5A1B1 /* MCO_Mend 35_KB_Scherzo.wav */ = {isa = PBXFileReference; lastKnownFileType = audio.wav; path = "MCO_Mend 35_KB_Scherzo.wav"; sourceTree = "<group>"; };
		02BF6F652C7E5C3000A5A1B1 /* MCO_Mend 36_KB_Scherzo.wav */ = {isa = PBXFileReference; lastKnownFileType = audio.wav; path = "MCO_Mend 36_KB_Scherzo.wav"; sourceTree = "<group>"; };
		02BF6F662C7E5C3000A5A1B1 /* MCO_Mend 37_KB_MCM_Scherzo.wav */ = {isa = PBXFileReference; lastKnownFileType = audio.wav; path = "MCO_Mend 37_KB_MCM_Scherzo.wav"; sourceTree = "<group>"; };
		02BF6F672C7E5C3000A5A1B1 /* MCO_Mend 38_KB_MCM_Scherzo.wav */ = {isa = PBXFileReference; lastKnownFileType = audio.wav; path = "MCO_Mend 38_KB_MCM_Scherzo.wav"; sourceTree = "<group>"; };
		02BF6F682C7E5C3000A5A1B1 /* MCO_Mend 39_KB_MCM_Scherzo.wav */ = {isa = PBXFileReference; lastKnownFileType = audio.wav; path = "MCO_Mend 39_KB_MCM_Scherzo.wav"; sourceTree = "<group>"; };
		02BF6F692C7E5C3000A5A1B1 /* MCO_Mend 49_VN2_Scherzo.wav */ = {isa = PBXFileReference; lastKnownFileType = audio.wav; path = "MCO_Mend 49_VN2_Scherzo.wav"; sourceTree = "<group>"; };
		02BF6F6A2C7E5C3000A5A1B1 /* MCO_Mend 50_VN2_Scherzo.wav */ = {isa = PBXFileReference; lastKnownFileType = audio.wav; path = "MCO_Mend 50_VN2_Scherzo.wav"; sourceTree = "<group>"; };
		02BF6F6B2C7E5C3000A5A1B1 /* MCO_Mend 51_VN2_Scherzo.wav */ = {isa = PBXFileReference; lastKnownFileType = audio.wav; path = "MCO_Mend 51_VN2_Scherzo.wav"; sourceTree = "<group>"; };
		02BF6F6C2C7E5C3000A5A1B1 /* MCO_Mend 52_VN2_Scherzo.wav */ = {isa = PBXFileReference; lastKnownFileType = audio.wav; path = "MCO_Mend 52_VN2_Scherzo.wav"; sourceTree = "<group>"; };
		02BF6F6D2C7E5C3000A5A1B1 /* MCO_Mend 53_VN2_Scherzo.wav */ = {isa = PBXFileReference; lastKnownFileType = audio.wav; path = "MCO_Mend 53_VN2_Scherzo.wav"; sourceTree = "<group>"; };
		02BF6F6E2C7E5C3000A5A1B1 /* MCO_Mend 54_VA_Scherzo.wav */ = {isa = PBXFileReference; lastKnownFileType = audio.wav; path = "MCO_Mend 54_VA_Scherzo.wav"; sourceTree = "<group>"; };
		02BF6F6F2C7E5C3000A5A1B1 /* MCO_Mend 55_VA_Scherzo.wav */ = {isa = PBXFileReference; lastKnownFileType = audio.wav; path = "MCO_Mend 55_VA_Scherzo.wav"; sourceTree = "<group>"; };
		02BF6F702C7E5C3000A5A1B1 /* MCO_Mend 56_VA_Scherzo.wav */ = {isa = PBXFileReference; lastKnownFileType = audio.wav; path = "MCO_Mend 56_VA_Scherzo.wav"; sourceTree = "<group>"; };
		02BF6F712C7E5C3000A5A1B1 /* MCO_Mend 57_VA_Scherzo.wav */ = {isa = PBXFileReference; lastKnownFileType = audio.wav; path = "MCO_Mend 57_VA_Scherzo.wav"; sourceTree = "<group>"; };
		02BF6F722C7E5C3000A5A1B1 /* MCO_Mend 58_PK_Scherzo.wav */ = {isa = PBXFileReference; lastKnownFileType = audio.wav; path = "MCO_Mend 58_PK_Scherzo.wav"; sourceTree = "<group>"; };
		02BF6F732C7E5C3000A5A1B1 /* MCO_Mend 59_PERC_Scherzo.wav */ = {isa = PBXFileReference; lastKnownFileType = audio.wav; path = "MCO_Mend 59_PERC_Scherzo.wav"; sourceTree = "<group>"; };
		02BF6F742C7E5C3000A5A1B1 /* MCO_Mend 60_Flute_Scherzo.wav */ = {isa = PBXFileReference; lastKnownFileType = audio.wav; path = "MCO_Mend 60_Flute_Scherzo.wav"; sourceTree = "<group>"; };
		02BF6F752C7E5C3000A5A1B1 /* MCO_Mend 61_Flute_Scherzo.wav */ = {isa = PBXFileReference; lastKnownFileType = audio.wav; path = "MCO_Mend 61_Flute_Scherzo.wav"; sourceTree = "<group>"; };
		02BF6F762C7E5C3000A5A1B1 /* MCO_Mend 62_Oboe_Scherzo.wav */ = {isa = PBXFileReference; lastKnownFileType = audio.wav; path = "MCO_Mend 62_Oboe_Scherzo.wav"; sourceTree = "<group>"; };
		02BF6F772C7E5C3000A5A1B1 /* MCO_Mend 63_Oboe_Scherzo.wav */ = {isa = PBXFileReference; lastKnownFileType = audio.wav; path = "MCO_Mend 63_Oboe_Scherzo.wav"; sourceTree = "<group>"; };
		02BF6F782C7E5C3000A5A1B1 /* MCO_Mend 64_Trumpet_Scherzo.wav */ = {isa = PBXFileReference; lastKnownFileType = audio.wav; path = "MCO_Mend 64_Trumpet_Scherzo.wav"; sourceTree = "<group>"; };
		02BF6F792C7E5C3000A5A1B1 /* MCO_Mend 65_Trumpet_Scherzo.wav */ = {isa = PBXFileReference; lastKnownFileType = audio.wav; path = "MCO_Mend 65_Trumpet_Scherzo.wav"; sourceTree = "<group>"; };
		02BF6F7A2C7E5C3000A5A1B1 /* MCO_Mend 66_Trumpet_Scherzo.wav */ = {isa = PBXFileReference; lastKnownFileType = audio.wav; path = "MCO_Mend 66_Trumpet_Scherzo.wav"; sourceTree = "<group>"; };
		02BF6F7B2C7E5C3000A5A1B1 /* MCO_Mend 67_Trumpet_Scherzo.wav */ = {isa = PBXFileReference; lastKnownFileType = audio.wav; path = "MCO_Mend 67_Trumpet_Scherzo.wav"; sourceTree = "<group>"; };
		02BF6F7C2C7E5C3000A5A1B1 /* MCO_Mend 68_Horn_Scherzo.wav */ = {isa = PBXFileReference; lastKnownFileType = audio.wav; path = "MCO_Mend 68_Horn_Scherzo.wav"; sourceTree = "<group>"; };
		02BF6F7D2C7E5C3000A5A1B1 /* MCO_Mend 69_Horn_Scherzo.wav */ = {isa = PBXFileReference; lastKnownFileType = audio.wav; path = "MCO_Mend 69_Horn_Scherzo.wav"; sourceTree = "<group>"; };
		02BF6F7E2C7E5C3000A5A1B1 /* MCO_Mend 70_Klarinett_Scherzo.wav */ = {isa = PBXFileReference; lastKnownFileType = audio.wav; path = "MCO_Mend 70_Klarinett_Scherzo.wav"; sourceTree = "<group>"; };
		02BF6F7F2C7E5C3000A5A1B1 /* MCO_Mend 71_Klarinett_Scherzo.wav */ = {isa = PBXFileReference; lastKnownFileType = audio.wav; path = "MCO_Mend 71_Klarinett_Scherzo.wav"; sourceTree = "<group>"; };
		02BF6F802C7E5C3000A5A1B1 /* MCO_Mend 72_Fag_Scherzo.wav */ = {isa = PBXFileReference; lastKnownFileType = audio.wav; path = "MCO_Mend 72_Fag_Scherzo.wav"; sourceTree = "<group>"; };
		02BF6F812C7E5C3000A5A1B1 /* MCO_Mend 73_Fag_Scherzo.wav */ = {isa = PBXFileReference; lastKnownFileType = audio.wav; path = "MCO_Mend 73_Fag_Scherzo.wav"; sourceTree = "<group>"; };
		02BF6F822C7E5C3000A5A1B1 /* MCO_Mend 74_Pos_Scherzo.wav */ = {isa = PBXFileReference; lastKnownFileType = audio.wav; path = "MCO_Mend 74_Pos_Scherzo.wav"; sourceTree = "<group>"; };
		02BF6F832C7E5C3000A5A1B1 /* MCO_Mend 75_Pos_Scherzo.wav */ = {isa = PBXFileReference; lastKnownFileType = audio.wav; path = "MCO_Mend 75_Pos_Scherzo.wav"; sourceTree = "<group>"; };
		02BF6F842C7E5C3000A5A1B1 /* MCO_Mend 76_PosTB_Scherzo.wav */ = {isa = PBXFileReference; lastKnownFileType = audio.wav; path = "MCO_Mend 76_PosTB_Scherzo.wav"; sourceTree = "<group>"; };
		02BF6F852C7E5C3000A5A1B1 /* MCO_Mend 78_VN2_MCM_Scherzo.wav */ = {isa = PBXFileReference; lastKnownFileType = audio.wav; path = "MCO_Mend 78_VN2_MCM_Scherzo.wav"; sourceTree = "<group>"; };
		02BF6F862C7E5C3000A5A1B1 /* MCO_Mend 79_VN2_MCM_Scherzo.wav */ = {isa = PBXFileReference; lastKnownFileType = audio.wav; path = "MCO_Mend 79_VN2_MCM_Scherzo.wav"; sourceTree = "<group>"; };
		02BF6F872C7E5C3000A5A1B1 /* MCO_Mend 80_VN2_MCM_Scherzo.wav */ = {isa = PBXFileReference; lastKnownFileType = audio.wav; path = "MCO_Mend 80_VN2_MCM_Scherzo.wav"; sourceTree = "<group>"; };
		02BF6F882C7E5C3000A5A1B1 /* MCO_Mend 81_VN2_MCM_Scherzo.wav */ = {isa = PBXFileReference; lastKnownFileType = audio.wav; path = "MCO_Mend 81_VN2_MCM_Scherzo.wav"; sourceTree = "<group>"; };
		02BF6F892C7E5C3000A5A1B1 /* MCO_Mend 82_VN2_MCM_Scherzo.wav */ = {isa = PBXFileReference; lastKnownFileType = audio.wav; path = "MCO_Mend 82_VN2_MCM_Scherzo.wav"; sourceTree = "<group>"; };
		02BF6F8A2C7E5C3000A5A1B1 /* MCO_Mend 83_VN2_MCM_Scherzo.wav */ = {isa = PBXFileReference; lastKnownFileType = audio.wav; path = "MCO_Mend 83_VN2_MCM_Scherzo.wav"; sourceTree = "<group>"; };
		02BF6F8B2C7E5C3000A5A1B1 /* MCO_Mend 84_VN2_MCM_Scherzo.wav */ = {isa = PBXFileReference; lastKnownFileType = audio.wav; path = "MCO_Mend 84_VN2_MCM_Scherzo.wav"; sourceTree = "<group>"; };
		02BF6F8C2C7E5C3000A5A1B1 /* MCO_Mend 85_VA_MCM_Scherzo.wav */ = {isa = PBXFileReference; lastKnownFileType = audio.wav; path = "MCO_Mend 85_VA_MCM_Scherzo.wav"; sourceTree = "<group>"; };
		02BF6F8D2C7E5C3000A5A1B1 /* MCO_Mend 86_VA_MCM_Scherzo.wav */ = {isa = PBXFileReference; lastKnownFileType = audio.wav; path = "MCO_Mend 86_VA_MCM_Scherzo.wav"; sourceTree = "<group>"; };
		02BF6F8E2C7E5C3000A5A1B1 /* MCO_Mend 87_VA_MCM_Scherzo.wav */ = {isa = PBXFileReference; lastKnownFileType = audio.wav; path = "MCO_Mend 87_VA_MCM_Scherzo.wav"; sourceTree = "<group>"; };
		02BF6F8F2C7E5C3000A5A1B1 /* MCO_Mend 88_VA_MCM_Scherzo.wav */ = {isa = PBXFileReference; lastKnownFileType = audio.wav; path = "MCO_Mend 88_VA_MCM_Scherzo.wav"; sourceTree = "<group>"; };
		02BF6F902C7E5C3000A5A1B1 /* MCO_Mend 89_VA_MCM_Scherzo.wav */ = {isa = PBXFileReference; lastKnownFileType = audio.wav; path = "MCO_Mend 89_VA_MCM_Scherzo.wav"; sourceTree = "<group>"; };
		02BF6F912C7E5C3000A5A1B1 /* MCO_Mend 90_Pauke_MCM_Scherzo.wav */ = {isa = PBXFileReference; lastKnownFileType = audio.wav; path = "MCO_Mend 90_Pauke_MCM_Scherzo.wav"; sourceTree = "<group>"; };
		02BF6F922C7E5C3000A5A1B1 /* MCO_Mend 91_Pauke_MCM_Scherzo.wav */ = {isa = PBXFileReference; lastKnownFileType = audio.wav; path = "MCO_Mend 91_Pauke_MCM_Scherzo.wav"; sourceTree = "<group>"; };
		02BF6F932C7E5C3000A5A1B1 /* MCO_Mend 92_Pauke_MCM_Scherzo.wav */ = {isa = PBXFileReference; lastKnownFileType = audio.wav; path = "MCO_Mend 92_Pauke_MCM_Scherzo.wav"; sourceTree = "<group>"; };
		02BF6F942C7E5C3000A5A1B1 /* MCO_Mend 93_Pauke_MCM_Scherzo.wav */ = {isa = PBXFileReference; lastKnownFileType = audio.wav; path = "MCO_Mend 93_Pauke_MCM_Scherzo.wav"; sourceTree = "<group>"; };
		02BF6F952C7E5C3000A5A1B1 /* MCO_Mend 94_Perc_MCM_Scherzo.wav */ = {isa = PBXFileReference; lastKnownFileType = audio.wav; path = "MCO_Mend 94_Perc_MCM_Scherzo.wav"; sourceTree = "<group>"; };
		02BF6F962C7E5C3000A5A1B1 /* MCO_Mend 95_Tuba_MCM_Scherzo.wav */ = {isa = PBXFileReference; lastKnownFileType = audio.wav; path = "MCO_Mend 95_Tuba_MCM_Scherzo.wav"; sourceTree = "<group>"; };
		02BF6F972C7E5C3000A5A1B1 /* MCO_Mend 97_Flute_MCM_Scherzo.wav */ = {isa = PBXFileReference; lastKnownFileType = audio.wav; path = "MCO_Mend 97_Flute_MCM_Scherzo.wav"; sourceTree = "<group>"; };
		02BF6F982C7E5C3000A5A1B1 /* MCO_Mend 98_Flute_MCM_Scherzo.wav */ = {isa = PBXFileReference; lastKnownFileType = audio.wav; path = "MCO_Mend 98_Flute_MCM_Scherzo.wav"; sourceTree = "<group>"; };
		02BF6F992C7E5C3000A5A1B1 /* MCO_Mend 99_Oboe_MCM_Scherzo.wav */ = {isa = PBXFileReference; lastKnownFileType = audio.wav; path = "MCO_Mend 99_Oboe_MCM_Scherzo.wav"; sourceTree = "<group>"; };
		02BF6F9A2C7E5C3000A5A1B1 /* MCO_Mend 100_Oboe_MCM_Scherzo.wav */ = {isa = PBXFileReference; lastKnownFileType = audio.wav; path = "MCO_Mend 100_Oboe_MCM_Scherzo.wav"; sourceTree = "<group>"; };
		02BF6F9B2C7E5C3000A5A1B1 /* MCO_Mend 101_Trumpet_MCM_Scherzo.wav */ = {isa = PBXFileReference; lastKnownFileType = audio.wav; path = "MCO_Mend 101_Trumpet_MCM_Scherzo.wav"; sourceTree = "<group>"; };
		02BF6F9C2C7E5C3000A5A1B1 /* MCO_Mend 102_Trumpet_MCM_Scherzo.wav */ = {isa = PBXFileReference; lastKnownFileType = audio.wav; path = "MCO_Mend 102_Trumpet_MCM_Scherzo.wav"; sourceTree = "<group>"; };
		02BF6F9D2C7E5C3000A5A1B1 /* MCO_Mend 103_Trumpet_MCM_Scherzo.wav */ = {isa = PBXFileReference; lastKnownFileType = audio.wav; path = "MCO_Mend 103_Trumpet_MCM_Scherzo.wav"; sourceTree = "<group>"; };
		02BF6F9E2C7E5C3000A5A1B1 /* MCO_Mend 104_Horn_MCM_Scherzo.wav */ = {isa = PBXFileReference; lastKnownFileType = audio.wav; path = "MCO_Mend 104_Horn_MCM_Scherzo.wav"; sourceTree = "<group>"; };
		02BF6F9F2C7E5C3000A5A1B1 /* MCO_Mend 105_Horn_MCM_Scherzo.wav */ = {isa = PBXFileReference; lastKnownFileType = audio.wav; path = "MCO_Mend 105_Horn_MCM_Scherzo.wav"; sourceTree = "<group>"; };
		02BF6FA02C7E5C3000A5A1B1 /* MCO_Mend 106_Klarinett_MCM_Scherzo.wav */ = {isa = PBXFileReference; lastKnownFileType = audio.wav; path = "MCO_Mend 106_Klarinett_MCM_Scherzo.wav"; sourceTree = "<group>"; };
		02BF6FA12C7E5C3000A5A1B1 /* MCO_Mend 107_Klarinett_MCM_Scherzo.wav */ = {isa = PBXFileReference; lastKnownFileType = audio.wav; path = "MCO_Mend 107_Klarinett_MCM_Scherzo.wav"; sourceTree = "<group>"; };
		02BF6FA22C7E5C3000A5A1B1 /* MCO_Mend 108_Fag_MCM_Scherzo.wav */ = {isa = PBXFileReference; lastKnownFileType = audio.wav; path = "MCO_Mend 108_Fag_MCM_Scherzo.wav"; sourceTree = "<group>"; };
		02BF6FA32C7E5C3000A5A1B1 /* MCO_Mend 109_Fag_MCM_Scherzo.wav */ = {isa = PBXFileReference; lastKnownFileType = audio.wav; path = "MCO_Mend 109_Fag_MCM_Scherzo.wav"; sourceTree = "<group>"; };
		02BF6FA42C7E5C3000A5A1B1 /* MCO_Mend 110_Posaune_MCM_Scherzo.wav */ = {isa = PBXFileReference; lastKnownFileType = audio.wav; path = "MCO_Mend 110_Posaune_MCM_Scherzo.wav"; sourceTree = "<group>"; };
		02BF6FA52C7E5C3000A5A1B1 /* MCO_Mend 111_Posaune_MCM_Scherzo.wav */ = {isa = PBXFileReference; lastKnownFileType = audio.wav; path = "MCO_Mend 111_Posaune_MCM_Scherzo.wav"; sourceTree = "<group>"; };
		02BF6FA62C7E5C3000A5A1B1 /* MCO_Mend 112_Posaune_MCM_Scherzo.wav */ = {isa = PBXFileReference; lastKnownFileType = audio.wav; path = "MCO_Mend 112_Posaune_MCM_Scherzo.wav"; sourceTree = "<group>"; };
/* End PBXFileReference section */

/* Begin PBXFileSystemSynchronizedBuildFileExceptionSet section */
		02BF6D582C7E432600A5A1B1 /* PBXFileSystemSynchronizedBuildFileExceptionSet */ = {
			isa = PBXFileSystemSynchronizedBuildFileExceptionSet;
			membershipExceptions = (
				Info.plist,
			);
			target = 02BF6D322C7E432500A5A1B1 /* click_file_loader */;
		};
/* End PBXFileSystemSynchronizedBuildFileExceptionSet section */

/* Begin PBXFileSystemSynchronizedRootGroup section */
		02BF6D352C7E432500A5A1B1 /* click_file_loader */ = {isa = PBXFileSystemSynchronizedRootGroup; exceptions = (02BF6D582C7E432600A5A1B1 /* PBXFileSystemSynchronizedBuildFileExceptionSet */, ); explicitFileTypes = {}; explicitFolders = (); path = click_file_loader; sourceTree = "<group>"; };
		02BF6D552C7E432600A5A1B1 /* click_file_loaderTests */ = {isa = PBXFileSystemSynchronizedRootGroup; explicitFileTypes = {}; explicitFolders = (); path = click_file_loaderTests; sourceTree = "<group>"; };
/* End PBXFileSystemSynchronizedRootGroup section */

/* Begin PBXFrameworksBuildPhase section */
		02BF6D302C7E432500A5A1B1 /* Frameworks */ = {
			isa = PBXFrameworksBuildPhase;
			buildActionMask = 2147483647;
			files = (
				02BF6D392C7E432500A5A1B1 /* RealityKitContent in Frameworks */,
			);
			runOnlyForDeploymentPostprocessing = 0;
		};
		02BF6D4F2C7E432600A5A1B1 /* Frameworks */ = {
			isa = PBXFrameworksBuildPhase;
			buildActionMask = 2147483647;
			files = (
			);
			runOnlyForDeploymentPostprocessing = 0;
		};
/* End PBXFrameworksBuildPhase section */

/* Begin PBXGroup section */
		02BF6D2A2C7E432500A5A1B1 = {
			isa = PBXGroup;
			children = (
				02BF6FA72C7E5C3000A5A1B1 /* Mend */,
				02BF6F102C7E51E300A5A1B1 /* Clicks */,
				02BF6D352C7E432500A5A1B1 /* click_file_loader */,
				02BF6D362C7E432500A5A1B1 /* Packages */,
				02BF6D552C7E432600A5A1B1 /* click_file_loaderTests */,
				02BF6D342C7E432500A5A1B1 /* Products */,
			);
			sourceTree = "<group>";
		};
		02BF6D342C7E432500A5A1B1 /* Products */ = {
			isa = PBXGroup;
			children = (
				02BF6D332C7E432500A5A1B1 /* click_file_loader.app */,
				02BF6D522C7E432600A5A1B1 /* click_file_loaderTests.xctest */,
			);
			name = Products;
			sourceTree = "<group>";
		};
		02BF6D362C7E432500A5A1B1 /* Packages */ = {
			isa = PBXGroup;
			children = (
				02BF6D372C7E432500A5A1B1 /* RealityKitContent */,
			);
			path = Packages;
			sourceTree = "<group>";
		};
		02BF6F102C7E51E300A5A1B1 /* Clicks */ = {
			isa = PBXGroup;
			children = (
				02BF6EDD2C7E51E300A5A1B1 /* click copy 0.wav */,
				02BF6EDE2C7E51E300A5A1B1 /* click copy 1.wav */,
				02BF6EDF2C7E51E300A5A1B1 /* click copy 2.wav */,
				02BF6EE02C7E51E300A5A1B1 /* click copy 3.wav */,
				02BF6EE12C7E51E300A5A1B1 /* click copy 4.wav */,
				02BF6EE22C7E51E300A5A1B1 /* click copy 5.wav */,
				02BF6EE32C7E51E300A5A1B1 /* click copy 6.wav */,
				02BF6EE42C7E51E300A5A1B1 /* click copy 7.wav */,
				02BF6EE52C7E51E300A5A1B1 /* click copy 8.wav */,
				02BF6EE62C7E51E300A5A1B1 /* click copy 9.wav */,
				02BF6EE72C7E51E300A5A1B1 /* click copy 10.wav */,
				02BF6EE82C7E51E300A5A1B1 /* click copy 11.wav */,
				02BF6EE92C7E51E300A5A1B1 /* click copy 12.wav */,
				02BF6EEA2C7E51E300A5A1B1 /* click copy 13.wav */,
				02BF6EEB2C7E51E300A5A1B1 /* click copy 14.wav */,
				02BF6EEC2C7E51E300A5A1B1 /* click copy 15.wav */,
				02BF6EED2C7E51E300A5A1B1 /* click copy 16.wav */,
				02BF6EEE2C7E51E300A5A1B1 /* click copy 17.wav */,
				02BF6EEF2C7E51E300A5A1B1 /* click copy 18.wav */,
				02BF6EF02C7E51E300A5A1B1 /* click copy 19.wav */,
				02BF6EF12C7E51E300A5A1B1 /* click copy 20.wav */,
				02BF6EF22C7E51E300A5A1B1 /* click copy 21.wav */,
				02BF6EF32C7E51E300A5A1B1 /* click copy 22.wav */,
				02BF6EF42C7E51E300A5A1B1 /* click copy 23.wav */,
				02BF6EF52C7E51E300A5A1B1 /* click copy 24.wav */,
				02BF6EF62C7E51E300A5A1B1 /* click copy 25.wav */,
				02BF6EF72C7E51E300A5A1B1 /* click copy 26.wav */,
				02BF6EF82C7E51E300A5A1B1 /* click copy 27.wav */,
				02BF6EF92C7E51E300A5A1B1 /* click copy 28.wav */,
				02BF6EFA2C7E51E300A5A1B1 /* click copy 29.wav */,
				02BF6EFB2C7E51E300A5A1B1 /* click copy 30.wav */,
				02BF6EFC2C7E51E300A5A1B1 /* click copy 31.wav */,
				02BF6EFD2C7E51E300A5A1B1 /* click copy 32.wav */,
				02BF6EFE2C7E51E300A5A1B1 /* click copy 33.wav */,
				02BF6EFF2C7E51E300A5A1B1 /* click copy 34.wav */,
				02BF6F002C7E51E300A5A1B1 /* click copy 35.wav */,
				02BF6F012C7E51E300A5A1B1 /* click copy 36.wav */,
				02BF6F022C7E51E300A5A1B1 /* click copy 37.wav */,
				02BF6F032C7E51E300A5A1B1 /* click copy 38.wav */,
				02BF6F042C7E51E300A5A1B1 /* click copy 39.wav */,
				02BF6F052C7E51E300A5A1B1 /* click copy 40.wav */,
				02BF6F062C7E51E300A5A1B1 /* click copy 41.wav */,
				02BF6F072C7E51E300A5A1B1 /* click copy 42.wav */,
				02BF6F082C7E51E300A5A1B1 /* click copy 43.wav */,
				02BF6F092C7E51E300A5A1B1 /* click copy 44.wav */,
				02BF6F0A2C7E51E300A5A1B1 /* click copy 45.wav */,
				02BF6F0B2C7E51E300A5A1B1 /* click copy 46.wav */,
				02BF6F0C2C7E51E300A5A1B1 /* click copy 47.wav */,
				02BF6F0D2C7E51E300A5A1B1 /* click copy 48.wav */,
				02BF6F0E2C7E51E300A5A1B1 /* click copy 49.wav */,
				02BF6F0F2C7E51E300A5A1B1 /* click copy 50.wav */,
			);
			path = Clicks;
			sourceTree = "<group>";
		};
		02BF6FA72C7E5C3000A5A1B1 /* Mend */ = {
			isa = PBXGroup;
			children = (
				02BF6F442C7E5C3000A5A1B1 /* MCO_Mend 3 HauptLF_Scherzo.wav */,
				02BF6F452C7E5C3000A5A1B1 /* MCO_Mend 4_Scherzo.wav */,
				02BF6F462C7E5C3000A5A1B1 /* MCO_Mend 5 HauptRR_Scherzo.wav */,
				02BF6F472C7E5C3000A5A1B1 /* MCO_Mend 6_Scherzo.wav */,
				02BF6F482C7E5C3000A5A1B1 /* MCO_Mend 7 Violin1_Scherzo.wav */,
				02BF6F492C7E5C3000A5A1B1 /* MCO_Mend 8_Violin1_Scherzo.wav */,
				02BF6F4A2C7E5C3000A5A1B1 /* MCO_Mend 9_Violin1_Scherzo.wav */,
				02BF6F4B2C7E5C3000A5A1B1 /* MCO_Mend 10_Violin1_Scherzo.wav */,
				02BF6F4C2C7E5C3000A5A1B1 /* MCO_Mend 11_Violin1_Scherzo.wav */,
				02BF6F4D2C7E5C3000A5A1B1 /* MCO_Mend 12_Violin1_Scherzo.wav */,
				02BF6F4E2C7E5C3000A5A1B1 /* MCO_Mend 13_Violin1_Scherzo.wav */,
				02BF6F4F2C7E5C3000A5A1B1 /* MCO_Mend 14_Violin1_Scherzo.wav */,
				02BF6F502C7E5C3000A5A1B1 /* MCO_Mend 15_Violin1_Scherzo.wav */,
				02BF6F512C7E5C3000A5A1B1 /* MCO_Mend 16_Violin1_Scherzo.wav */,
				02BF6F522C7E5C3000A5A1B1 /* MCO_Mend 17_Violin1_Scherzo.wav */,
				02BF6F532C7E5C3000A5A1B1 /* MCO_Mend 18_Violin1_MCM_Scherzo.wav */,
				02BF6F542C7E5C3000A5A1B1 /* MCO_Mend 19_Violin1_MCM_Scherzo.wav */,
				02BF6F552C7E5C3000A5A1B1 /* MCO_Mend 20_Violin1_MCM_Scherzo.wav */,
				02BF6F562C7E5C3000A5A1B1 /* MCO_Mend 21_Violin1_MCM_Scherzo.wav */,
				02BF6F572C7E5C3000A5A1B1 /* MCO_Mend 22_Violin1_MCM_Scherzo.wav */,
				02BF6F582C7E5C3000A5A1B1 /* MCO_Mend 23_Violin1_MCM_Scherzo.wav */,
				02BF6F592C7E5C3000A5A1B1 /* MCO_Mend 24_Violin1_MCM_Scherzo.wav */,
				02BF6F5A2C7E5C3000A5A1B1 /* MCO_Mend 25_Violin1_MCM_Scherzo.wav */,
				02BF6F5B2C7E5C3000A5A1B1 /* MCO_Mend 26_Violin1_MCM_Scherzo.wav */,
				02BF6F5C2C7E5C3000A5A1B1 /* MCO_Mend 27_VC_MCM_MCM_Scherzo.wav */,
				02BF6F5D2C7E5C3000A5A1B1 /* MCO_Mend 28_VC_MCM_MCM_Scherzo.wav */,
				02BF6F5E2C7E5C3000A5A1B1 /* MCO_Mend 29_VC_MCM_Scherzo.wav */,
				02BF6F5F2C7E5C3000A5A1B1 /* MCO_Mend 30_VC_MCM_Scherzo.wav */,
				02BF6F602C7E5C3000A5A1B1 /* MCO_Mend 31_KB_Scherzo.wav */,
				02BF6F612C7E5C3000A5A1B1 /* MCO_Mend 32_KB_Scherzo.wav */,
				02BF6F622C7E5C3000A5A1B1 /* MCO_Mend 33_KB_Scherzo.wav */,
				02BF6F632C7E5C3000A5A1B1 /* MCO_Mend 34_KB_Scherzo.wav */,
				02BF6F642C7E5C3000A5A1B1 /* MCO_Mend 35_KB_Scherzo.wav */,
				02BF6F652C7E5C3000A5A1B1 /* MCO_Mend 36_KB_Scherzo.wav */,
				02BF6F662C7E5C3000A5A1B1 /* MCO_Mend 37_KB_MCM_Scherzo.wav */,
				02BF6F672C7E5C3000A5A1B1 /* MCO_Mend 38_KB_MCM_Scherzo.wav */,
				02BF6F682C7E5C3000A5A1B1 /* MCO_Mend 39_KB_MCM_Scherzo.wav */,
				02BF6F692C7E5C3000A5A1B1 /* MCO_Mend 49_VN2_Scherzo.wav */,
				02BF6F6A2C7E5C3000A5A1B1 /* MCO_Mend 50_VN2_Scherzo.wav */,
				02BF6F6B2C7E5C3000A5A1B1 /* MCO_Mend 51_VN2_Scherzo.wav */,
				02BF6F6C2C7E5C3000A5A1B1 /* MCO_Mend 52_VN2_Scherzo.wav */,
				02BF6F6D2C7E5C3000A5A1B1 /* MCO_Mend 53_VN2_Scherzo.wav */,
				02BF6F6E2C7E5C3000A5A1B1 /* MCO_Mend 54_VA_Scherzo.wav */,
				02BF6F6F2C7E5C3000A5A1B1 /* MCO_Mend 55_VA_Scherzo.wav */,
				02BF6F702C7E5C3000A5A1B1 /* MCO_Mend 56_VA_Scherzo.wav */,
				02BF6F712C7E5C3000A5A1B1 /* MCO_Mend 57_VA_Scherzo.wav */,
				02BF6F722C7E5C3000A5A1B1 /* MCO_Mend 58_PK_Scherzo.wav */,
				02BF6F732C7E5C3000A5A1B1 /* MCO_Mend 59_PERC_Scherzo.wav */,
				02BF6F742C7E5C3000A5A1B1 /* MCO_Mend 60_Flute_Scherzo.wav */,
				02BF6F752C7E5C3000A5A1B1 /* MCO_Mend 61_Flute_Scherzo.wav */,
				02BF6F762C7E5C3000A5A1B1 /* MCO_Mend 62_Oboe_Scherzo.wav */,
				02BF6F772C7E5C3000A5A1B1 /* MCO_Mend 63_Oboe_Scherzo.wav */,
				02BF6F782C7E5C3000A5A1B1 /* MCO_Mend 64_Trumpet_Scherzo.wav */,
				02BF6F792C7E5C3000A5A1B1 /* MCO_Mend 65_Trumpet_Scherzo.wav */,
				02BF6F7A2C7E5C3000A5A1B1 /* MCO_Mend 66_Trumpet_Scherzo.wav */,
				02BF6F7B2C7E5C3000A5A1B1 /* MCO_Mend 67_Trumpet_Scherzo.wav */,
				02BF6F7C2C7E5C3000A5A1B1 /* MCO_Mend 68_Horn_Scherzo.wav */,
				02BF6F7D2C7E5C3000A5A1B1 /* MCO_Mend 69_Horn_Scherzo.wav */,
				02BF6F7E2C7E5C3000A5A1B1 /* MCO_Mend 70_Klarinett_Scherzo.wav */,
				02BF6F7F2C7E5C3000A5A1B1 /* MCO_Mend 71_Klarinett_Scherzo.wav */,
				02BF6F802C7E5C3000A5A1B1 /* MCO_Mend 72_Fag_Scherzo.wav */,
				02BF6F812C7E5C3000A5A1B1 /* MCO_Mend 73_Fag_Scherzo.wav */,
				02BF6F822C7E5C3000A5A1B1 /* MCO_Mend 74_Pos_Scherzo.wav */,
				02BF6F832C7E5C3000A5A1B1 /* MCO_Mend 75_Pos_Scherzo.wav */,
				02BF6F842C7E5C3000A5A1B1 /* MCO_Mend 76_PosTB_Scherzo.wav */,
				02BF6F852C7E5C3000A5A1B1 /* MCO_Mend 78_VN2_MCM_Scherzo.wav */,
				02BF6F862C7E5C3000A5A1B1 /* MCO_Mend 79_VN2_MCM_Scherzo.wav */,
				02BF6F872C7E5C3000A5A1B1 /* MCO_Mend 80_VN2_MCM_Scherzo.wav */,
				02BF6F882C7E5C3000A5A1B1 /* MCO_Mend 81_VN2_MCM_Scherzo.wav */,
				02BF6F892C7E5C3000A5A1B1 /* MCO_Mend 82_VN2_MCM_Scherzo.wav */,
				02BF6F8A2C7E5C3000A5A1B1 /* MCO_Mend 83_VN2_MCM_Scherzo.wav */,
				02BF6F8B2C7E5C3000A5A1B1 /* MCO_Mend 84_VN2_MCM_Scherzo.wav */,
				02BF6F8C2C7E5C3000A5A1B1 /* MCO_Mend 85_VA_MCM_Scherzo.wav */,
				02BF6F8D2C7E5C3000A5A1B1 /* MCO_Mend 86_VA_MCM_Scherzo.wav */,
				02BF6F8E2C7E5C3000A5A1B1 /* MCO_Mend 87_VA_MCM_Scherzo.wav */,
				02BF6F8F2C7E5C3000A5A1B1 /* MCO_Mend 88_VA_MCM_Scherzo.wav */,
				02BF6F902C7E5C3000A5A1B1 /* MCO_Mend 89_VA_MCM_Scherzo.wav */,
				02BF6F912C7E5C3000A5A1B1 /* MCO_Mend 90_Pauke_MCM_Scherzo.wav */,
				02BF6F922C7E5C3000A5A1B1 /* MCO_Mend 91_Pauke_MCM_Scherzo.wav */,
				02BF6F932C7E5C3000A5A1B1 /* MCO_Mend 92_Pauke_MCM_Scherzo.wav */,
				02BF6F942C7E5C3000A5A1B1 /* MCO_Mend 93_Pauke_MCM_Scherzo.wav */,
				02BF6F952C7E5C3000A5A1B1 /* MCO_Mend 94_Perc_MCM_Scherzo.wav */,
				02BF6F962C7E5C3000A5A1B1 /* MCO_Mend 95_Tuba_MCM_Scherzo.wav */,
				02BF6F972C7E5C3000A5A1B1 /* MCO_Mend 97_Flute_MCM_Scherzo.wav */,
				02BF6F982C7E5C3000A5A1B1 /* MCO_Mend 98_Flute_MCM_Scherzo.wav */,
				02BF6F992C7E5C3000A5A1B1 /* MCO_Mend 99_Oboe_MCM_Scherzo.wav */,
				02BF6F9A2C7E5C3000A5A1B1 /* MCO_Mend 100_Oboe_MCM_Scherzo.wav */,
				02BF6F9B2C7E5C3000A5A1B1 /* MCO_Mend 101_Trumpet_MCM_Scherzo.wav */,
				02BF6F9C2C7E5C3000A5A1B1 /* MCO_Mend 102_Trumpet_MCM_Scherzo.wav */,
				02BF6F9D2C7E5C3000A5A1B1 /* MCO_Mend 103_Trumpet_MCM_Scherzo.wav */,
				02BF6F9E2C7E5C3000A5A1B1 /* MCO_Mend 104_Horn_MCM_Scherzo.wav */,
				02BF6F9F2C7E5C3000A5A1B1 /* MCO_Mend 105_Horn_MCM_Scherzo.wav */,
				02BF6FA02C7E5C3000A5A1B1 /* MCO_Mend 106_Klarinett_MCM_Scherzo.wav */,
				02BF6FA12C7E5C3000A5A1B1 /* MCO_Mend 107_Klarinett_MCM_Scherzo.wav */,
				02BF6FA22C7E5C3000A5A1B1 /* MCO_Mend 108_Fag_MCM_Scherzo.wav */,
				02BF6FA32C7E5C3000A5A1B1 /* MCO_Mend 109_Fag_MCM_Scherzo.wav */,
				02BF6FA42C7E5C3000A5A1B1 /* MCO_Mend 110_Posaune_MCM_Scherzo.wav */,
				02BF6FA52C7E5C3000A5A1B1 /* MCO_Mend 111_Posaune_MCM_Scherzo.wav */,
				02BF6FA62C7E5C3000A5A1B1 /* MCO_Mend 112_Posaune_MCM_Scherzo.wav */,
			);
			path = Mend;
			sourceTree = "<group>";
		};
/* End PBXGroup section */

/* Begin PBXNativeTarget section */
		02BF6D322C7E432500A5A1B1 /* click_file_loader */ = {
			isa = PBXNativeTarget;
			buildConfigurationList = 02BF6D592C7E432600A5A1B1 /* Build configuration list for PBXNativeTarget "click_file_loader" */;
			buildPhases = (
				02BF6D2F2C7E432500A5A1B1 /* Sources */,
				02BF6D302C7E432500A5A1B1 /* Frameworks */,
				02BF6D312C7E432500A5A1B1 /* Resources */,
			);
			buildRules = (
			);
			dependencies = (
			);
			fileSystemSynchronizedGroups = (
				02BF6D352C7E432500A5A1B1 /* click_file_loader */,
			);
			name = click_file_loader;
			packageProductDependencies = (
				02BF6D382C7E432500A5A1B1 /* RealityKitContent */,
			);
			productName = click_file_loader;
			productReference = 02BF6D332C7E432500A5A1B1 /* click_file_loader.app */;
			productType = "com.apple.product-type.application";
		};
		02BF6D512C7E432600A5A1B1 /* click_file_loaderTests */ = {
			isa = PBXNativeTarget;
			buildConfigurationList = 02BF6D5E2C7E432600A5A1B1 /* Build configuration list for PBXNativeTarget "click_file_loaderTests" */;
			buildPhases = (
				02BF6D4E2C7E432600A5A1B1 /* Sources */,
				02BF6D4F2C7E432600A5A1B1 /* Frameworks */,
				02BF6D502C7E432600A5A1B1 /* Resources */,
			);
			buildRules = (
			);
			dependencies = (
				02BF6D542C7E432600A5A1B1 /* PBXTargetDependency */,
			);
			fileSystemSynchronizedGroups = (
				02BF6D552C7E432600A5A1B1 /* click_file_loaderTests */,
			);
			name = click_file_loaderTests;
			packageProductDependencies = (
			);
			productName = click_file_loaderTests;
			productReference = 02BF6D522C7E432600A5A1B1 /* click_file_loaderTests.xctest */;
			productType = "com.apple.product-type.bundle.unit-test";
		};
/* End PBXNativeTarget section */

/* Begin PBXProject section */
		02BF6D2B2C7E432500A5A1B1 /* Project object */ = {
			isa = PBXProject;
			attributes = {
				BuildIndependentTargetsInParallel = 1;
				LastSwiftUpdateCheck = 1600;
				LastUpgradeCheck = 1600;
				TargetAttributes = {
					02BF6D322C7E432500A5A1B1 = {
						CreatedOnToolsVersion = 16.0;
					};
					02BF6D512C7E432600A5A1B1 = {
						CreatedOnToolsVersion = 16.0;
						TestTargetID = 02BF6D322C7E432500A5A1B1;
					};
				};
			};
			buildConfigurationList = 02BF6D2E2C7E432500A5A1B1 /* Build configuration list for PBXProject "click_file_loader" */;
			compatibilityVersion = "Xcode 15.0";
			developmentRegion = en;
			hasScannedForEncodings = 0;
			knownRegions = (
				en,
				Base,
			);
			mainGroup = 02BF6D2A2C7E432500A5A1B1;
			productRefGroup = 02BF6D342C7E432500A5A1B1 /* Products */;
			projectDirPath = "";
			projectRoot = "";
			targets = (
				02BF6D322C7E432500A5A1B1 /* click_file_loader */,
				02BF6D512C7E432600A5A1B1 /* click_file_loaderTests */,
			);
		};
/* End PBXProject section */

/* Begin PBXResourcesBuildPhase section */
		02BF6D312C7E432500A5A1B1 /* Resources */ = {
			isa = PBXResourcesBuildPhase;
			buildActionMask = 2147483647;
			files = (
				02BF6F112C7E51E300A5A1B1 /* click copy 16.wav in Resources */,
				02BF6F122C7E51E300A5A1B1 /* click copy 8.wav in Resources */,
				02BF6F132C7E51E300A5A1B1 /* click copy 28.wav in Resources */,
				02BF6F142C7E51E300A5A1B1 /* click copy 34.wav in Resources */,
				02BF6F152C7E51E300A5A1B1 /* click copy 5.wav in Resources */,
				02BF6F162C7E51E300A5A1B1 /* click copy 12.wav in Resources */,
				02BF6F172C7E51E300A5A1B1 /* click copy 2.wav in Resources */,
				02BF6F182C7E51E300A5A1B1 /* click copy 20.wav in Resources */,
				02BF6F192C7E51E300A5A1B1 /* click copy 39.wav in Resources */,
				02BF6F1A2C7E51E300A5A1B1 /* click copy 47.wav in Resources */,
				02BF6F1B2C7E51E300A5A1B1 /* click copy 9.wav in Resources */,
				02BF6F1C2C7E51E300A5A1B1 /* click copy 42.wav in Resources */,
				02BF6F1D2C7E51E300A5A1B1 /* click copy 21.wav in Resources */,
				02BF6F1E2C7E51E300A5A1B1 /* click copy 26.wav in Resources */,
				02BF6F1F2C7E51E300A5A1B1 /* click copy 3.wav in Resources */,
				02BF6F202C7E51E300A5A1B1 /* click copy 33.wav in Resources */,
				02BF6F212C7E51E300A5A1B1 /* click copy 0.wav in Resources */,
				02BF6F222C7E51E300A5A1B1 /* click copy 50.wav in Resources */,
				02BF6FA82C7E5C3000A5A1B1 /* MCO_Mend 17_Violin1_Scherzo.wav in Resources */,
				02BF6FA92C7E5C3000A5A1B1 /* MCO_Mend 90_Pauke_MCM_Scherzo.wav in Resources */,
				02BF6FAA2C7E5C3000A5A1B1 /* MCO_Mend 109_Fag_MCM_Scherzo.wav in Resources */,
				02BF6FAB2C7E5C3000A5A1B1 /* MCO_Mend 16_Violin1_Scherzo.wav in Resources */,
				02BF6FAC2C7E5C3000A5A1B1 /* MCO_Mend 53_VN2_Scherzo.wav in Resources */,
				02BF6FAD2C7E5C3000A5A1B1 /* MCO_Mend 38_KB_MCM_Scherzo.wav in Resources */,
				02BF6FAE2C7E5C3000A5A1B1 /* MCO_Mend 21_Violin1_MCM_Scherzo.wav in Resources */,
				02BF6FAF2C7E5C3000A5A1B1 /* MCO_Mend 81_VN2_MCM_Scherzo.wav in Resources */,
				02BF6FB02C7E5C3000A5A1B1 /* MCO_Mend 100_Oboe_MCM_Scherzo.wav in Resources */,
				02BF6FB12C7E5C3000A5A1B1 /* MCO_Mend 86_VA_MCM_Scherzo.wav in Resources */,
				02BF6FB22C7E5C3000A5A1B1 /* MCO_Mend 9_Violin1_Scherzo.wav in Resources */,
				02BF6FB32C7E5C3000A5A1B1 /* MCO_Mend 68_Horn_Scherzo.wav in Resources */,
				02BF6FB42C7E5C3000A5A1B1 /* MCO_Mend 7 Violin1_Scherzo.wav in Resources */,
				02BF6FB52C7E5C3000A5A1B1 /* MCO_Mend 20_Violin1_MCM_Scherzo.wav in Resources */,
				02BF6FB62C7E5C3000A5A1B1 /* MCO_Mend 64_Trumpet_Scherzo.wav in Resources */,
				02BF6FB72C7E5C3000A5A1B1 /* MCO_Mend 98_Flute_MCM_Scherzo.wav in Resources */,
				02BF6FB82C7E5C3000A5A1B1 /* MCO_Mend 92_Pauke_MCM_Scherzo.wav in Resources */,
				02BF6FB92C7E5C3000A5A1B1 /* MCO_Mend 67_Trumpet_Scherzo.wav in Resources */,
				02BF6FBA2C7E5C3000A5A1B1 /* MCO_Mend 8_Violin1_Scherzo.wav in Resources */,
				02BF6FBB2C7E5C3000A5A1B1 /* MCO_Mend 18_Violin1_MCM_Scherzo.wav in Resources */,
				02BF6FBC2C7E5C3000A5A1B1 /* MCO_Mend 33_KB_Scherzo.wav in Resources */,
				02BF6FBD2C7E5C3000A5A1B1 /* MCO_Mend 107_Klarinett_MCM_Scherzo.wav in Resources */,
				02BF6FBE2C7E5C3000A5A1B1 /* MCO_Mend 6_Scherzo.wav in Resources */,
				02BF6FBF2C7E5C3000A5A1B1 /* MCO_Mend 4_Scherzo.wav in Resources */,
				02BF6FC02C7E5C3000A5A1B1 /* MCO_Mend 35_KB_Scherzo.wav in Resources */,
				02BF6FC12C7E5C3000A5A1B1 /* MCO_Mend 29_VC_MCM_Scherzo.wav in Resources */,
				02BF6FC22C7E5C3000A5A1B1 /* MCO_Mend 62_Oboe_Scherzo.wav in Resources */,
				02BF6FC32C7E5C3000A5A1B1 /* MCO_Mend 82_VN2_MCM_Scherzo.wav in Resources */,
				02BF6FC42C7E5C3000A5A1B1 /* MCO_Mend 104_Horn_MCM_Scherzo.wav in Resources */,
				02BF6FC52C7E5C3000A5A1B1 /* MCO_Mend 56_VA_Scherzo.wav in Resources */,
				02BF6FC62C7E5C3000A5A1B1 /* MCO_Mend 51_VN2_Scherzo.wav in Resources */,
				02BF6FC72C7E5C3000A5A1B1 /* MCO_Mend 49_VN2_Scherzo.wav in Resources */,
				02BF6FC82C7E5C3000A5A1B1 /* MCO_Mend 39_KB_MCM_Scherzo.wav in Resources */,
				02BF6FC92C7E5C3000A5A1B1 /* MCO_Mend 95_Tuba_MCM_Scherzo.wav in Resources */,
				02BF6FCA2C7E5C3000A5A1B1 /* MCO_Mend 14_Violin1_Scherzo.wav in Resources */,
				02BF6FCB2C7E5C3000A5A1B1 /* MCO_Mend 52_VN2_Scherzo.wav in Resources */,
				02BF6FCC2C7E5C3000A5A1B1 /* MCO_Mend 63_Oboe_Scherzo.wav in Resources */,
				02BF6FCD2C7E5C3000A5A1B1 /* MCO_Mend 76_PosTB_Scherzo.wav in Resources */,
				02BF6FCE2C7E5C3000A5A1B1 /* MCO_Mend 108_Fag_MCM_Scherzo.wav in Resources */,
				02BF6FCF2C7E5C3000A5A1B1 /* MCO_Mend 106_Klarinett_MCM_Scherzo.wav in Resources */,
				02BF6FD02C7E5C3000A5A1B1 /* MCO_Mend 91_Pauke_MCM_Scherzo.wav in Resources */,
				02BF6FD12C7E5C3000A5A1B1 /* MCO_Mend 37_KB_MCM_Scherzo.wav in Resources */,
				02BF6FD22C7E5C3000A5A1B1 /* MCO_Mend 99_Oboe_MCM_Scherzo.wav in Resources */,
				02BF6FD32C7E5C3000A5A1B1 /* MCO_Mend 54_VA_Scherzo.wav in Resources */,
				02BF6FD42C7E5C3000A5A1B1 /* MCO_Mend 23_Violin1_MCM_Scherzo.wav in Resources */,
				02BF6FD52C7E5C3000A5A1B1 /* MCO_Mend 89_VA_MCM_Scherzo.wav in Resources */,
				02BF6FD62C7E5C3000A5A1B1 /* MCO_Mend 13_Violin1_Scherzo.wav in Resources */,
				02BF6FD72C7E5C3000A5A1B1 /* MCO_Mend 102_Trumpet_MCM_Scherzo.wav in Resources */,
				02BF6FD82C7E5C3000A5A1B1 /* MCO_Mend 105_Horn_MCM_Scherzo.wav in Resources */,
				02BF6FD92C7E5C3000A5A1B1 /* MCO_Mend 103_Trumpet_MCM_Scherzo.wav in Resources */,
				02BF6FDA2C7E5C3000A5A1B1 /* MCO_Mend 34_KB_Scherzo.wav in Resources */,
				02BF6FDB2C7E5C3000A5A1B1 /* MCO_Mend 112_Posaune_MCM_Scherzo.wav in Resources */,
				02BF6FDC2C7E5C3000A5A1B1 /* MCO_Mend 19_Violin1_MCM_Scherzo.wav in Resources */,
				02BF6FDD2C7E5C3000A5A1B1 /* MCO_Mend 3 HauptLF_Scherzo.wav in Resources */,
				02BF6FDE2C7E5C3000A5A1B1 /* MCO_Mend 36_KB_Scherzo.wav in Resources */,
				02BF6FDF2C7E5C3000A5A1B1 /* MCO_Mend 111_Posaune_MCM_Scherzo.wav in Resources */,
				02BF6FE02C7E5C3000A5A1B1 /* MCO_Mend 60_Flute_Scherzo.wav in Resources */,
				02BF6FE12C7E5C3000A5A1B1 /* MCO_Mend 78_VN2_MCM_Scherzo.wav in Resources */,
				02BF6FE22C7E5C3000A5A1B1 /* MCO_Mend 5 HauptRR_Scherzo.wav in Resources */,
				02BF6FE32C7E5C3000A5A1B1 /* MCO_Mend 73_Fag_Scherzo.wav in Resources */,
				02BF6FE42C7E5C3000A5A1B1 /* MCO_Mend 75_Pos_Scherzo.wav in Resources */,
				02BF6FE52C7E5C3000A5A1B1 /* MCO_Mend 58_PK_Scherzo.wav in Resources */,
				02BF6FE62C7E5C3000A5A1B1 /* MCO_Mend 85_VA_MCM_Scherzo.wav in Resources */,
				02BF6FE72C7E5C3000A5A1B1 /* MCO_Mend 84_VN2_MCM_Scherzo.wav in Resources */,
				02BF6FE82C7E5C3000A5A1B1 /* MCO_Mend 87_VA_MCM_Scherzo.wav in Resources */,
				02BF6FE92C7E5C3000A5A1B1 /* MCO_Mend 55_VA_Scherzo.wav in Resources */,
				02BF6FEA2C7E5C3000A5A1B1 /* MCO_Mend 79_VN2_MCM_Scherzo.wav in Resources */,
				02BF6FEB2C7E5C3000A5A1B1 /* MCO_Mend 22_Violin1_MCM_Scherzo.wav in Resources */,
				02BF6FEC2C7E5C3000A5A1B1 /* MCO_Mend 74_Pos_Scherzo.wav in Resources */,
				02BF6FED2C7E5C3000A5A1B1 /* MCO_Mend 28_VC_MCM_MCM_Scherzo.wav in Resources */,
				02BF6FEE2C7E5C3000A5A1B1 /* MCO_Mend 61_Flute_Scherzo.wav in Resources */,
				02BF6FEF2C7E5C3000A5A1B1 /* MCO_Mend 27_VC_MCM_MCM_Scherzo.wav in Resources */,
				02BF6FF02C7E5C3000A5A1B1 /* MCO_Mend 83_VN2_MCM_Scherzo.wav in Resources */,
				02BF6FF12C7E5C3000A5A1B1 /* MCO_Mend 50_VN2_Scherzo.wav in Resources */,
				02BF6FF22C7E5C3000A5A1B1 /* MCO_Mend 10_Violin1_Scherzo.wav in Resources */,
				02BF6FF32C7E5C3000A5A1B1 /* MCO_Mend 11_Violin1_Scherzo.wav in Resources */,
				02BF6FF42C7E5C3000A5A1B1 /* MCO_Mend 69_Horn_Scherzo.wav in Resources */,
				02BF6FF52C7E5C3000A5A1B1 /* MCO_Mend 12_Violin1_Scherzo.wav in Resources */,
				02BF6FF62C7E5C3000A5A1B1 /* MCO_Mend 65_Trumpet_Scherzo.wav in Resources */,
				02BF6FF72C7E5C3000A5A1B1 /* MCO_Mend 59_PERC_Scherzo.wav in Resources */,
				02BF6FF82C7E5C3000A5A1B1 /* MCO_Mend 57_VA_Scherzo.wav in Resources */,
				02BF6FF92C7E5C3000A5A1B1 /* MCO_Mend 15_Violin1_Scherzo.wav in Resources */,
				02BF6FFA2C7E5C3000A5A1B1 /* MCO_Mend 101_Trumpet_MCM_Scherzo.wav in Resources */,
				02BF6FFB2C7E5C3000A5A1B1 /* MCO_Mend 30_VC_MCM_Scherzo.wav in Resources */,
				02BF6FFC2C7E5C3000A5A1B1 /* MCO_Mend 97_Flute_MCM_Scherzo.wav in Resources */,
				02BF6FFD2C7E5C3000A5A1B1 /* MCO_Mend 93_Pauke_MCM_Scherzo.wav in Resources */,
				02BF6FFE2C7E5C3000A5A1B1 /* MCO_Mend 110_Posaune_MCM_Scherzo.wav in Resources */,
				02BF6FFF2C7E5C3000A5A1B1 /* MCO_Mend 26_Violin1_MCM_Scherzo.wav in Resources */,
				02BF70002C7E5C3000A5A1B1 /* MCO_Mend 31_KB_Scherzo.wav in Resources */,
				02BF70012C7E5C3000A5A1B1 /* MCO_Mend 80_VN2_MCM_Scherzo.wav in Resources */,
				02BF70022C7E5C3000A5A1B1 /* MCO_Mend 24_Violin1_MCM_Scherzo.wav in Resources */,
				02BF70032C7E5C3000A5A1B1 /* MCO_Mend 66_Trumpet_Scherzo.wav in Resources */,
				02BF70042C7E5C3000A5A1B1 /* MCO_Mend 25_Violin1_MCM_Scherzo.wav in Resources */,
				02BF70052C7E5C3000A5A1B1 /* MCO_Mend 94_Perc_MCM_Scherzo.wav in Resources */,
				02BF70062C7E5C3000A5A1B1 /* MCO_Mend 71_Klarinett_Scherzo.wav in Resources */,
				02BF70072C7E5C3000A5A1B1 /* MCO_Mend 70_Klarinett_Scherzo.wav in Resources */,
				02BF70082C7E5C3000A5A1B1 /* MCO_Mend 88_VA_MCM_Scherzo.wav in Resources */,
				02BF70092C7E5C3000A5A1B1 /* MCO_Mend 32_KB_Scherzo.wav in Resources */,
				02BF700A2C7E5C3000A5A1B1 /* MCO_Mend 72_Fag_Scherzo.wav in Resources */,
				02BF6F232C7E51E300A5A1B1 /* click copy 29.wav in Resources */,
				02BF6F242C7E51E300A5A1B1 /* click copy 30.wav in Resources */,
				02BF6F252C7E51E300A5A1B1 /* click copy 49.wav in Resources */,
				02BF6F262C7E51E300A5A1B1 /* click copy 35.wav in Resources */,
				02BF6F272C7E51E300A5A1B1 /* click copy 24.wav in Resources */,
				02BF6F282C7E51E300A5A1B1 /* click copy 6.wav in Resources */,
				02BF6F292C7E51E300A5A1B1 /* click copy 44.wav in Resources */,
				02BF6F2A2C7E51E300A5A1B1 /* click copy 11.wav in Resources */,
				02BF6F2B2C7E51E300A5A1B1 /* click copy 22.wav in Resources */,
				02BF6F2C2C7E51E300A5A1B1 /* click copy 19.wav in Resources */,
				02BF6F2D2C7E51E300A5A1B1 /* click copy 4.wav in Resources */,
				02BF6F2E2C7E51E300A5A1B1 /* click copy 27.wav in Resources */,
				02BF6F2F2C7E51E300A5A1B1 /* click copy 32.wav in Resources */,
				02BF6F302C7E51E300A5A1B1 /* click copy 1.wav in Resources */,
				02BF6F312C7E51E300A5A1B1 /* click copy 43.wav in Resources */,
				02BF6F322C7E51E300A5A1B1 /* click copy 46.wav in Resources */,
				02BF6F332C7E51E300A5A1B1 /* click copy 13.wav in Resources */,
				02BF6F342C7E51E300A5A1B1 /* click copy 7.wav in Resources */,
				02BF6F352C7E51E300A5A1B1 /* click copy 36.wav in Resources */,
				02BF6F362C7E51E300A5A1B1 /* click copy 18.wav in Resources */,
				02BF6F372C7E51E300A5A1B1 /* click copy 10.wav in Resources */,
				02BF6F382C7E51E300A5A1B1 /* click copy 23.wav in Resources */,
				02BF6F392C7E51E300A5A1B1 /* click copy 37.wav in Resources */,
				02BF6F3A2C7E51E300A5A1B1 /* click copy 25.wav in Resources */,
				02BF6F3B2C7E51E300A5A1B1 /* click copy 38.wav in Resources */,
				02BF6F3C2C7E51E300A5A1B1 /* click copy 45.wav in Resources */,
				02BF6F3D2C7E51E300A5A1B1 /* click copy 14.wav in Resources */,
				02BF6F3E2C7E51E300A5A1B1 /* click copy 15.wav in Resources */,
				02BF6F3F2C7E51E300A5A1B1 /* click copy 31.wav in Resources */,
				02BF6F402C7E51E300A5A1B1 /* click copy 41.wav in Resources */,
				02BF6F412C7E51E300A5A1B1 /* click copy 17.wav in Resources */,
				02BF6F422C7E51E300A5A1B1 /* click copy 48.wav in Resources */,
				02BF6F432C7E51E300A5A1B1 /* click copy 40.wav in Resources */,
			);
			runOnlyForDeploymentPostprocessing = 0;
		};
		02BF6D502C7E432600A5A1B1 /* Resources */ = {
			isa = PBXResourcesBuildPhase;
			buildActionMask = 2147483647;
			files = (
			);
			runOnlyForDeploymentPostprocessing = 0;
		};
/* End PBXResourcesBuildPhase section */

/* Begin PBXSourcesBuildPhase section */
		02BF6D2F2C7E432500A5A1B1 /* Sources */ = {
			isa = PBXSourcesBuildPhase;
			buildActionMask = 2147483647;
			files = (
			);
			runOnlyForDeploymentPostprocessing = 0;
		};
		02BF6D4E2C7E432600A5A1B1 /* Sources */ = {
			isa = PBXSourcesBuildPhase;
			buildActionMask = 2147483647;
			files = (
			);
			runOnlyForDeploymentPostprocessing = 0;
		};
/* End PBXSourcesBuildPhase section */

/* Begin PBXTargetDependency section */
		02BF6D542C7E432600A5A1B1 /* PBXTargetDependency */ = {
			isa = PBXTargetDependency;
			target = 02BF6D322C7E432500A5A1B1 /* click_file_loader */;
			targetProxy = 02BF6D532C7E432600A5A1B1 /* PBXContainerItemProxy */;
		};
/* End PBXTargetDependency section */

/* Begin XCBuildConfiguration section */
		02BF6D5A2C7E432600A5A1B1 /* Debug */ = {
			isa = XCBuildConfiguration;
			buildSettings = {
				ASSETCATALOG_COMPILER_APPICON_NAME = AppIcon;
				ASSETCATALOG_COMPILER_GLOBAL_ACCENT_COLOR_NAME = AccentColor;
				CODE_SIGN_STYLE = Automatic;
				CURRENT_PROJECT_VERSION = 1;
				DEVELOPMENT_ASSET_PATHS = "\"click_file_loader/Preview Content\"";
				DEVELOPMENT_TEAM = 46L7NBYNPR;
				ENABLE_PREVIEWS = YES;
				GENERATE_INFOPLIST_FILE = YES;
				INFOPLIST_FILE = "$(TARGET_NAME)/Info.plist";
				IPHONEOS_DEPLOYMENT_TARGET = 18.0;
				LD_RUNPATH_SEARCH_PATHS = (
					"$(inherited)",
					"@executable_path/Frameworks",
				);
				MARKETING_VERSION = 1.0;
				PRODUCT_BUNDLE_IDENTIFIER = "mahlerchamber.click-file-loader";
				PRODUCT_NAME = "$(TARGET_NAME)";
				SUPPORTED_PLATFORMS = "iphoneos iphonesimulator xros xrsimulator";
				SUPPORTS_MACCATALYST = NO;
				SWIFT_EMIT_LOC_STRINGS = YES;
				SWIFT_VERSION = 5.0;
				TARGETED_DEVICE_FAMILY = "1,2,7";
				XROS_DEPLOYMENT_TARGET = 2.0;
			};
			name = Debug;
		};
		02BF6D5B2C7E432600A5A1B1 /* Release */ = {
			isa = XCBuildConfiguration;
			buildSettings = {
				ASSETCATALOG_COMPILER_APPICON_NAME = AppIcon;
				ASSETCATALOG_COMPILER_GLOBAL_ACCENT_COLOR_NAME = AccentColor;
				CODE_SIGN_STYLE = Automatic;
				CURRENT_PROJECT_VERSION = 1;
				DEVELOPMENT_ASSET_PATHS = "\"click_file_loader/Preview Content\"";
				DEVELOPMENT_TEAM = 46L7NBYNPR;
				ENABLE_PREVIEWS = YES;
				GENERATE_INFOPLIST_FILE = YES;
				INFOPLIST_FILE = "$(TARGET_NAME)/Info.plist";
				IPHONEOS_DEPLOYMENT_TARGET = 18.0;
				LD_RUNPATH_SEARCH_PATHS = (
					"$(inherited)",
					"@executable_path/Frameworks",
				);
				MARKETING_VERSION = 1.0;
				PRODUCT_BUNDLE_IDENTIFIER = "mahlerchamber.click-file-loader";
				PRODUCT_NAME = "$(TARGET_NAME)";
				SUPPORTED_PLATFORMS = "iphoneos iphonesimulator xros xrsimulator";
				SUPPORTS_MACCATALYST = NO;
				SWIFT_EMIT_LOC_STRINGS = YES;
				SWIFT_VERSION = 5.0;
				TARGETED_DEVICE_FAMILY = "1,2,7";
				XROS_DEPLOYMENT_TARGET = 2.0;
			};
			name = Release;
		};
		02BF6D5C2C7E432600A5A1B1 /* Debug */ = {
			isa = XCBuildConfiguration;
			buildSettings = {
				ALWAYS_SEARCH_USER_PATHS = NO;
				ASSETCATALOG_COMPILER_GENERATE_SWIFT_ASSET_SYMBOL_EXTENSIONS = YES;
				CLANG_ANALYZER_NONNULL = YES;
				CLANG_ANALYZER_NUMBER_OBJECT_CONVERSION = YES_AGGRESSIVE;
				CLANG_CXX_LANGUAGE_STANDARD = "gnu++20";
				CLANG_ENABLE_MODULES = YES;
				CLANG_ENABLE_OBJC_ARC = YES;
				CLANG_ENABLE_OBJC_WEAK = YES;
				CLANG_WARN_BLOCK_CAPTURE_AUTORELEASING = YES;
				CLANG_WARN_BOOL_CONVERSION = YES;
				CLANG_WARN_COMMA = YES;
				CLANG_WARN_CONSTANT_CONVERSION = YES;
				CLANG_WARN_DEPRECATED_OBJC_IMPLEMENTATIONS = YES;
				CLANG_WARN_DIRECT_OBJC_ISA_USAGE = YES_ERROR;
				CLANG_WARN_DOCUMENTATION_COMMENTS = YES;
				CLANG_WARN_EMPTY_BODY = YES;
				CLANG_WARN_ENUM_CONVERSION = YES;
				CLANG_WARN_INFINITE_RECURSION = YES;
				CLANG_WARN_INT_CONVERSION = YES;
				CLANG_WARN_NON_LITERAL_NULL_CONVERSION = YES;
				CLANG_WARN_OBJC_IMPLICIT_RETAIN_SELF = YES;
				CLANG_WARN_OBJC_LITERAL_CONVERSION = YES;
				CLANG_WARN_OBJC_ROOT_CLASS = YES_ERROR;
				CLANG_WARN_QUOTED_INCLUDE_IN_FRAMEWORK_HEADER = YES;
				CLANG_WARN_RANGE_LOOP_ANALYSIS = YES;
				CLANG_WARN_STRICT_PROTOTYPES = YES;
				CLANG_WARN_SUSPICIOUS_MOVE = YES;
				CLANG_WARN_UNGUARDED_AVAILABILITY = YES_AGGRESSIVE;
				CLANG_WARN_UNREACHABLE_CODE = YES;
				CLANG_WARN__DUPLICATE_METHOD_MATCH = YES;
				COPY_PHASE_STRIP = NO;
				DEBUG_INFORMATION_FORMAT = dwarf;
				ENABLE_STRICT_OBJC_MSGSEND = YES;
				ENABLE_TESTABILITY = YES;
				ENABLE_USER_SCRIPT_SANDBOXING = YES;
				GCC_C_LANGUAGE_STANDARD = gnu17;
				GCC_DYNAMIC_NO_PIC = NO;
				GCC_NO_COMMON_BLOCKS = YES;
				GCC_OPTIMIZATION_LEVEL = 0;
				GCC_PREPROCESSOR_DEFINITIONS = (
					"DEBUG=1",
					"$(inherited)",
				);
				GCC_WARN_64_TO_32_BIT_CONVERSION = YES;
				GCC_WARN_ABOUT_RETURN_TYPE = YES_ERROR;
				GCC_WARN_UNDECLARED_SELECTOR = YES;
				GCC_WARN_UNINITIALIZED_AUTOS = YES_AGGRESSIVE;
				GCC_WARN_UNUSED_FUNCTION = YES;
				GCC_WARN_UNUSED_VARIABLE = YES;
				LOCALIZATION_PREFERS_STRING_CATALOGS = YES;
				MTL_ENABLE_DEBUG_INFO = INCLUDE_SOURCE;
				MTL_FAST_MATH = YES;
				ONLY_ACTIVE_ARCH = YES;
				SDKROOT = xros;
				SWIFT_ACTIVE_COMPILATION_CONDITIONS = "DEBUG $(inherited)";
				SWIFT_OPTIMIZATION_LEVEL = "-Onone";
				XROS_DEPLOYMENT_TARGET = 2.0;
			};
			name = Debug;
		};
		02BF6D5D2C7E432600A5A1B1 /* Release */ = {
			isa = XCBuildConfiguration;
			buildSettings = {
				ALWAYS_SEARCH_USER_PATHS = NO;
				ASSETCATALOG_COMPILER_GENERATE_SWIFT_ASSET_SYMBOL_EXTENSIONS = YES;
				CLANG_ANALYZER_NONNULL = YES;
				CLANG_ANALYZER_NUMBER_OBJECT_CONVERSION = YES_AGGRESSIVE;
				CLANG_CXX_LANGUAGE_STANDARD = "gnu++20";
				CLANG_ENABLE_MODULES = YES;
				CLANG_ENABLE_OBJC_ARC = YES;
				CLANG_ENABLE_OBJC_WEAK = YES;
				CLANG_WARN_BLOCK_CAPTURE_AUTORELEASING = YES;
				CLANG_WARN_BOOL_CONVERSION = YES;
				CLANG_WARN_COMMA = YES;
				CLANG_WARN_CONSTANT_CONVERSION = YES;
				CLANG_WARN_DEPRECATED_OBJC_IMPLEMENTATIONS = YES;
				CLANG_WARN_DIRECT_OBJC_ISA_USAGE = YES_ERROR;
				CLANG_WARN_DOCUMENTATION_COMMENTS = YES;
				CLANG_WARN_EMPTY_BODY = YES;
				CLANG_WARN_ENUM_CONVERSION = YES;
				CLANG_WARN_INFINITE_RECURSION = YES;
				CLANG_WARN_INT_CONVERSION = YES;
				CLANG_WARN_NON_LITERAL_NULL_CONVERSION = YES;
				CLANG_WARN_OBJC_IMPLICIT_RETAIN_SELF = YES;
				CLANG_WARN_OBJC_LITERAL_CONVERSION = YES;
				CLANG_WARN_OBJC_ROOT_CLASS = YES_ERROR;
				CLANG_WARN_QUOTED_INCLUDE_IN_FRAMEWORK_HEADER = YES;
				CLANG_WARN_RANGE_LOOP_ANALYSIS = YES;
				CLANG_WARN_STRICT_PROTOTYPES = YES;
				CLANG_WARN_SUSPICIOUS_MOVE = YES;
				CLANG_WARN_UNGUARDED_AVAILABILITY = YES_AGGRESSIVE;
				CLANG_WARN_UNREACHABLE_CODE = YES;
				CLANG_WARN__DUPLICATE_METHOD_MATCH = YES;
				COPY_PHASE_STRIP = NO;
				DEBUG_INFORMATION_FORMAT = "dwarf-with-dsym";
				ENABLE_NS_ASSERTIONS = NO;
				ENABLE_STRICT_OBJC_MSGSEND = YES;
				ENABLE_USER_SCRIPT_SANDBOXING = YES;
				GCC_C_LANGUAGE_STANDARD = gnu17;
				GCC_NO_COMMON_BLOCKS = YES;
				GCC_WARN_64_TO_32_BIT_CONVERSION = YES;
				GCC_WARN_ABOUT_RETURN_TYPE = YES_ERROR;
				GCC_WARN_UNDECLARED_SELECTOR = YES;
				GCC_WARN_UNINITIALIZED_AUTOS = YES_AGGRESSIVE;
				GCC_WARN_UNUSED_FUNCTION = YES;
				GCC_WARN_UNUSED_VARIABLE = YES;
				LOCALIZATION_PREFERS_STRING_CATALOGS = YES;
				MTL_ENABLE_DEBUG_INFO = NO;
				MTL_FAST_MATH = YES;
				SDKROOT = xros;
				SWIFT_COMPILATION_MODE = wholemodule;
				VALIDATE_PRODUCT = YES;
				XROS_DEPLOYMENT_TARGET = 2.0;
			};
			name = Release;
		};
		02BF6D5F2C7E432600A5A1B1 /* Debug */ = {
			isa = XCBuildConfiguration;
			buildSettings = {
				BUNDLE_LOADER = "$(TEST_HOST)";
				CODE_SIGN_STYLE = Automatic;
				CURRENT_PROJECT_VERSION = 1;
				DEVELOPMENT_TEAM = 46L7NBYNPR;
				GENERATE_INFOPLIST_FILE = YES;
				MARKETING_VERSION = 1.0;
				PRODUCT_BUNDLE_IDENTIFIER = "mahlerchamber.click-file-loaderTests";
				PRODUCT_NAME = "$(TARGET_NAME)";
				SUPPORTED_PLATFORMS = "xros xrsimulator";
				SWIFT_EMIT_LOC_STRINGS = NO;
				SWIFT_VERSION = 5.0;
				TARGETED_DEVICE_FAMILY = 7;
				TEST_HOST = "$(BUILT_PRODUCTS_DIR)/click_file_loader.app/$(BUNDLE_EXECUTABLE_FOLDER_PATH)/click_file_loader";
				XROS_DEPLOYMENT_TARGET = 2.0;
			};
			name = Debug;
		};
		02BF6D602C7E432600A5A1B1 /* Release */ = {
			isa = XCBuildConfiguration;
			buildSettings = {
				BUNDLE_LOADER = "$(TEST_HOST)";
				CODE_SIGN_STYLE = Automatic;
				CURRENT_PROJECT_VERSION = 1;
				DEVELOPMENT_TEAM = 46L7NBYNPR;
				GENERATE_INFOPLIST_FILE = YES;
				MARKETING_VERSION = 1.0;
				PRODUCT_BUNDLE_IDENTIFIER = "mahlerchamber.click-file-loaderTests";
				PRODUCT_NAME = "$(TARGET_NAME)";
				SUPPORTED_PLATFORMS = "xros xrsimulator";
				SWIFT_EMIT_LOC_STRINGS = NO;
				SWIFT_VERSION = 5.0;
				TARGETED_DEVICE_FAMILY = 7;
				TEST_HOST = "$(BUILT_PRODUCTS_DIR)/click_file_loader.app/$(BUNDLE_EXECUTABLE_FOLDER_PATH)/click_file_loader";
				XROS_DEPLOYMENT_TARGET = 2.0;
			};
			name = Release;
		};
/* End XCBuildConfiguration section */

/* Begin XCConfigurationList section */
		02BF6D2E2C7E432500A5A1B1 /* Build configuration list for PBXProject "click_file_loader" */ = {
			isa = XCConfigurationList;
			buildConfigurations = (
				02BF6D5C2C7E432600A5A1B1 /* Debug */,
				02BF6D5D2C7E432600A5A1B1 /* Release */,
			);
			defaultConfigurationIsVisible = 0;
			defaultConfigurationName = Release;
		};
		02BF6D592C7E432600A5A1B1 /* Build configuration list for PBXNativeTarget "click_file_loader" */ = {
			isa = XCConfigurationList;
			buildConfigurations = (
				02BF6D5A2C7E432600A5A1B1 /* Debug */,
				02BF6D5B2C7E432600A5A1B1 /* Release */,
			);
			defaultConfigurationIsVisible = 0;
			defaultConfigurationName = Release;
		};
		02BF6D5E2C7E432600A5A1B1 /* Build configuration list for PBXNativeTarget "click_file_loaderTests" */ = {
			isa = XCConfigurationList;
			buildConfigurations = (
				02BF6D5F2C7E432600A5A1B1 /* Debug */,
				02BF6D602C7E432600A5A1B1 /* Release */,
			);
			defaultConfigurationIsVisible = 0;
			defaultConfigurationName = Release;
		};
/* End XCConfigurationList section */

/* Begin XCSwiftPackageProductDependency section */
		02BF6D382C7E432500A5A1B1 /* RealityKitContent */ = {
			isa = XCSwiftPackageProductDependency;
			productName = RealityKitContent;
		};
/* End XCSwiftPackageProductDependency section */
	};
	rootObject = 02BF6D2B2C7E432500A5A1B1 /* Project object */;
}
